{"format_version":"0.1","terraform_version":"0.12.25","planned_values":{"root_module":{"resources":[{"address":"aws_sns_topic.user_updates","mode":"managed","type":"aws_sns_topic","name":"user_updates","provider_name":"aws","schema_version":0,"values":{"application_failure_feedback_role_arn":null,"application_success_feedback_role_arn":null,"application_success_feedback_sample_rate":null,"delivery_policy":"{\"http\":{\"defaultHealthyRetryPolicy\":{\"backoffFunction\":\"linear\",\"maxDelayTarget\":20,\"minDelayTarget\":20,\"numMaxDelayRetries\":0,\"numMinDelayRetries\":0,\"numNoDelayRetries\":0,\"numRetries\":3},\"defaultThrottlePolicy\":{\"maxReceivesPerSecond\":1},\"disableSubscriptionOverrides\":false}}","display_name":null,"http_failure_feedback_role_arn":null,"http_success_feedback_role_arn":null,"http_success_feedback_sample_rate":null,"kms_master_key_id":"alias/aws/sns","lambda_failure_feedback_role_arn":null,"lambda_success_feedback_role_arn":null,"lambda_success_feedback_sample_rate":null,"name":"user-updates-topic","name_prefix":null,"sqs_failure_feedback_role_arn":null,"sqs_success_feedback_role_arn":null,"sqs_success_feedback_sample_rate":null,"tags":null}}]}},"resource_changes":[{"address":"aws_sns_topic.user_updates","mode":"managed","type":"aws_sns_topic","name":"user_updates","provider_name":"aws","change":{"actions":["create"],"before":null,"after":{"application_failure_feedback_role_arn":null,"application_success_feedback_role_arn":null,"application_success_feedback_sample_rate":null,"delivery_policy":"{\"http\":{\"defaultHealthyRetryPolicy\":{\"backoffFunction\":\"linear\",\"maxDelayTarget\":20,\"minDelayTarget\":20,\"numMaxDelayRetries\":0,\"numMinDelayRetries\":0,\"numNoDelayRetries\":0,\"numRetries\":3},\"defaultThrottlePolicy\":{\"maxReceivesPerSecond\":1},\"disableSubscriptionOverrides\":false}}","display_name":null,"http_failure_feedback_role_arn":null,"http_success_feedback_role_arn":null,"http_success_feedback_sample_rate":null,"kms_master_key_id":"alias/aws/sns","lambda_failure_feedback_role_arn":null,"lambda_success_feedback_role_arn":null,"lambda_success_feedback_sample_rate":null,"name":"user-updates-topic","name_prefix":null,"sqs_failure_feedback_role_arn":null,"sqs_success_feedback_role_arn":null,"sqs_success_feedback_sample_rate":null,"tags":null},"after_unknown":{"arn":true,"id":true,"policy":true}}}],"configuration":{"root_module":{"resources":[{"address":"aws_sns_topic.user_updates","mode":"managed","type":"aws_sns_topic","name":"user_updates","provider_config_key":"aws","expressions":{"delivery_policy":{"constant_value":"{\n  \"http\": {\n    \"defaultHealthyRetryPolicy\": {\n      \"minDelayTarget\": 20,\n      \"maxDelayTarget\": 20,\n      \"numRetries\": 3,\n      \"numMaxDelayRetries\": 0,\n      \"numNoDelayRetries\": 0,\n      \"numMinDelayRetries\": 0,\n      \"backoffFunction\": \"linear\"\n    },\n    \"disableSubscriptionOverrides\": false,\n    \"defaultThrottlePolicy\": {\n      \"maxReceivesPerSecond\": 1\n    }\n  }\n}\n"},"kms_master_key_id":{"constant_value":"alias/aws/sns"},"name":{"constant_value":"user-updates-topic"}},"schema_version":0}]}}}
