{"format_version":"0.1","terraform_version":"0.12.25","planned_values":{"root_module":{"resources":[{"address":"aws_cloudfront_distribution.s3_distribution","mode":"managed","type":"aws_cloudfront_distribution","name":"s3_distribution","provider_name":"aws","schema_version":1,"values":{"aliases":["mysite.example.com","yoursite.example.com"],"cache_behavior":[],"comment":"Some comment","custom_error_response":[],"default_cache_behavior":[{"allowed_methods":["DELETE","GET","HEAD","OPTIONS","PATCH","POST","PUT"],"cached_methods":["GET","HEAD"],"compress":false,"default_ttl":3600,"field_level_encryption_id":null,"forwarded_values":[{"cookies":[{"forward":"none","whitelisted_names":null}],"headers":null,"query_string":false,"query_string_cache_keys":null}],"lambda_function_association":[],"max_ttl":86400,"min_ttl":0,"smooth_streaming":null,"target_origin_id":"$local.s3_origin_id","trusted_signers":null,"viewer_protocol_policy":"allow-all"}],"default_root_object":"index.html","enabled":true,"http_version":"http2","is_ipv6_enabled":true,"logging_config":[{"bucket":"mylogs.s3.amazonaws.com","include_cookies":false,"prefix":"myprefix"}],"ordered_cache_behavior":[{"allowed_methods":["GET","HEAD","OPTIONS"],"cached_methods":["GET","HEAD","OPTIONS"],"compress":true,"default_ttl":86400,"field_level_encryption_id":null,"forwarded_values":[{"cookies":[{"forward":"none","whitelisted_names":null}],"headers":["Origin"],"query_string":false,"query_string_cache_keys":null}],"lambda_function_association":[],"max_ttl":31536000,"min_ttl":0,"path_pattern":"/content/immutable/*","smooth_streaming":null,"target_origin_id":"$local.s3_origin_id","trusted_signers":null,"viewer_protocol_policy":"redirect-to-https"},{"allowed_methods":["GET","HEAD","OPTIONS"],"cached_methods":["GET","HEAD"],"compress":true,"default_ttl":3600,"field_level_encryption_id":null,"forwarded_values":[{"cookies":[{"forward":"none","whitelisted_names":null}],"headers":null,"query_string":false,"query_string_cache_keys":null}],"lambda_function_association":[],"max_ttl":86400,"min_ttl":0,"path_pattern":"/content/*","smooth_streaming":null,"target_origin_id":"$local.s3_origin_id","trusted_signers":null,"viewer_protocol_policy":"redirect-to-https"}],"origin":[{"custom_header":[],"custom_origin_config":[],"domain_name":"$aws_s3_bucket.b.bucket_regional_domain_name","origin_id":"$local.s3_origin_id","origin_path":"","s3_origin_config":[{"origin_access_identity":"origin-access-identity/cloudfront/ABCDEFG1234567"}]}],"origin_group":[],"price_class":"PriceClass_200","restrictions":[{"geo_restriction":[{"locations":["CA","DE","GB","US"],"restriction_type":"whitelist"}]}],"retain_on_delete":false,"tags":{"Environment":"production"},"viewer_certificate":[{"acm_certificate_arn":null,"cloudfront_default_certificate":true,"iam_certificate_id":null,"minimum_protocol_version":"TLSv1","ssl_support_method":null}],"wait_for_deployment":true,"web_acl_id":null}},{"address":"aws_s3_bucket.b","mode":"managed","type":"aws_s3_bucket","name":"b","provider_name":"aws","schema_version":0,"values":{"acl":"private","bucket":"mybucket","bucket_prefix":null,"cors_rule":[],"force_destroy":false,"grant":[],"lifecycle_rule":[],"logging":[],"object_lock_configuration":[],"policy":null,"replication_configuration":[],"server_side_encryption_configuration":[],"tags":{"Name":"My bucket"},"website":[]}}]}},"resource_changes":[{"address":"aws_cloudfront_distribution.s3_distribution","mode":"managed","type":"aws_cloudfront_distribution","name":"s3_distribution","provider_name":"aws","change":{"actions":["create"],"before":null,"after":{"aliases":["mysite.example.com","yoursite.example.com"],"cache_behavior":[],"comment":"Some comment","custom_error_response":[],"default_cache_behavior":[{"allowed_methods":["DELETE","GET","HEAD","OPTIONS","PATCH","POST","PUT"],"cached_methods":["GET","HEAD"],"compress":false,"default_ttl":3600,"field_level_encryption_id":null,"forwarded_values":[{"cookies":[{"forward":"none","whitelisted_names":null}],"headers":null,"query_string":false,"query_string_cache_keys":null}],"lambda_function_association":[],"max_ttl":86400,"min_ttl":0,"smooth_streaming":null,"target_origin_id":"$local.s3_origin_id","trusted_signers":null,"viewer_protocol_policy":"allow-all"}],"default_root_object":"index.html","enabled":true,"http_version":"http2","is_ipv6_enabled":true,"logging_config":[{"bucket":"mylogs.s3.amazonaws.com","include_cookies":false,"prefix":"myprefix"}],"ordered_cache_behavior":[{"allowed_methods":["GET","HEAD","OPTIONS"],"cached_methods":["GET","HEAD","OPTIONS"],"compress":true,"default_ttl":86400,"field_level_encryption_id":null,"forwarded_values":[{"cookies":[{"forward":"none","whitelisted_names":null}],"headers":["Origin"],"query_string":false,"query_string_cache_keys":null}],"lambda_function_association":[],"max_ttl":31536000,"min_ttl":0,"path_pattern":"/content/immutable/*","smooth_streaming":null,"target_origin_id":"$local.s3_origin_id","trusted_signers":null,"viewer_protocol_policy":"redirect-to-https"},{"allowed_methods":["GET","HEAD","OPTIONS"],"cached_methods":["GET","HEAD"],"compress":true,"default_ttl":3600,"field_level_encryption_id":null,"forwarded_values":[{"cookies":[{"forward":"none","whitelisted_names":null}],"headers":null,"query_string":false,"query_string_cache_keys":null}],"lambda_function_association":[],"max_ttl":86400,"min_ttl":0,"path_pattern":"/content/*","smooth_streaming":null,"target_origin_id":"$local.s3_origin_id","trusted_signers":null,"viewer_protocol_policy":"redirect-to-https"}],"origin":[{"custom_header":[],"custom_origin_config":[],"domain_name":"$aws_s3_bucket.b.bucket_regional_domain_name","origin_id":"$local.s3_origin_id","origin_path":"","s3_origin_config":[{"origin_access_identity":"origin-access-identity/cloudfront/ABCDEFG1234567"}]}],"origin_group":[],"price_class":"PriceClass_200","restrictions":[{"geo_restriction":[{"locations":["CA","DE","GB","US"],"restriction_type":"whitelist"}]}],"retain_on_delete":false,"tags":{"Environment":"production"},"viewer_certificate":[{"acm_certificate_arn":null,"cloudfront_default_certificate":true,"iam_certificate_id":null,"minimum_protocol_version":"TLSv1","ssl_support_method":null}],"wait_for_deployment":true,"web_acl_id":null},"after_unknown":{"active_trusted_signers":true,"aliases":[false,false],"arn":true,"cache_behavior":[],"caller_reference":true,"custom_error_response":[],"default_cache_behavior":[{"allowed_methods":[false,false,false,false,false,false,false],"cached_methods":[false,false],"forwarded_values":[{"cookies":[{}]}],"lambda_function_association":[]}],"domain_name":true,"etag":true,"hosted_zone_id":true,"id":true,"in_progress_validation_batches":true,"last_modified_time":true,"logging_config":[{}],"ordered_cache_behavior":[{"allowed_methods":[false,false,false],"cached_methods":[false,false,false],"forwarded_values":[{"cookies":[{}],"headers":[false]}],"lambda_function_association":[]},{"allowed_methods":[false,false,false],"cached_methods":[false,false],"forwarded_values":[{"cookies":[{}]}],"lambda_function_association":[]}],"origin":[{"custom_header":[],"custom_origin_config":[],"s3_origin_config":[{}]}],"origin_group":[],"restrictions":[{"geo_restriction":[{"locations":[false,false,false,false]}]}],"status":true,"tags":{},"viewer_certificate":[{}]}}},{"address":"aws_s3_bucket.b","mode":"managed","type":"aws_s3_bucket","name":"b","provider_name":"aws","change":{"actions":["create"],"before":null,"after":{"acl":"private","bucket":"mybucket","bucket_prefix":null,"cors_rule":[],"force_destroy":false,"grant":[],"lifecycle_rule":[],"logging":[],"object_lock_configuration":[],"policy":null,"replication_configuration":[],"server_side_encryption_configuration":[],"tags":{"Name":"My bucket"},"website":[]},"after_unknown":{"acceleration_status":true,"arn":true,"bucket_domain_name":true,"bucket_regional_domain_name":true,"cors_rule":[],"grant":[],"hosted_zone_id":true,"id":true,"lifecycle_rule":[],"logging":[],"object_lock_configuration":[],"region":true,"replication_configuration":[],"request_payer":true,"server_side_encryption_configuration":[],"tags":{},"versioning":true,"website":[],"website_domain":true,"website_endpoint":true}}}],"configuration":{"root_module":{"resources":[{"address":"aws_cloudfront_distribution.s3_distribution","mode":"managed","type":"aws_cloudfront_distribution","name":"s3_distribution","provider_config_key":"aws","expressions":{"aliases":{"constant_value":["mysite.example.com","yoursite.example.com"]},"comment":{"constant_value":"Some comment"},"default_cache_behavior":[{"allowed_methods":{"constant_value":["DELETE","GET","HEAD","OPTIONS","PATCH","POST","PUT"]},"cached_methods":{"constant_value":["GET","HEAD"]},"default_ttl":{"constant_value":3600},"forwarded_values":[{"cookies":[{"forward":{"constant_value":"none"}}],"query_string":{"constant_value":false}}],"max_ttl":{"constant_value":86400},"min_ttl":{"constant_value":0},"target_origin_id":{"constant_value":"$local.s3_origin_id"},"viewer_protocol_policy":{"constant_value":"allow-all"}}],"default_root_object":{"constant_value":"index.html"},"enabled":{"constant_value":true},"is_ipv6_enabled":{"constant_value":true},"logging_config":[{"bucket":{"constant_value":"mylogs.s3.amazonaws.com"},"include_cookies":{"constant_value":false},"prefix":{"constant_value":"myprefix"}}],"ordered_cache_behavior":[{"allowed_methods":{"constant_value":["GET","HEAD","OPTIONS"]},"cached_methods":{"constant_value":["GET","HEAD","OPTIONS"]},"compress":{"constant_value":true},"default_ttl":{"constant_value":86400},"forwarded_values":[{"cookies":[{"forward":{"constant_value":"none"}}],"headers":{"constant_value":["Origin"]},"query_string":{"constant_value":false}}],"max_ttl":{"constant_value":31536000},"min_ttl":{"constant_value":0},"path_pattern":{"constant_value":"/content/immutable/*"},"target_origin_id":{"constant_value":"$local.s3_origin_id"},"viewer_protocol_policy":{"constant_value":"redirect-to-https"}},{"allowed_methods":{"constant_value":["GET","HEAD","OPTIONS"]},"cached_methods":{"constant_value":["GET","HEAD"]},"compress":{"constant_value":true},"default_ttl":{"constant_value":3600},"forwarded_values":[{"cookies":[{"forward":{"constant_value":"none"}}],"query_string":{"constant_value":false}}],"max_ttl":{"constant_value":86400},"min_ttl":{"constant_value":0},"path_pattern":{"constant_value":"/content/*"},"target_origin_id":{"constant_value":"$local.s3_origin_id"},"viewer_protocol_policy":{"constant_value":"redirect-to-https"}}],"origin":[{"domain_name":{"constant_value":"$aws_s3_bucket.b.bucket_regional_domain_name"},"origin_id":{"constant_value":"$local.s3_origin_id"},"s3_origin_config":[{"origin_access_identity":{"constant_value":"origin-access-identity/cloudfront/ABCDEFG1234567"}}]}],"price_class":{"constant_value":"PriceClass_200"},"restrictions":[{"geo_restriction":[{"locations":{"constant_value":["US","CA","GB","DE"]},"restriction_type":{"constant_value":"whitelist"}}]}],"tags":{"constant_value":{"Environment":"production"}},"viewer_certificate":[{"cloudfront_default_certificate":{"constant_value":true}}]},"schema_version":1},{"address":"aws_s3_bucket.b","mode":"managed","type":"aws_s3_bucket","name":"b","provider_config_key":"aws","expressions":{"acl":{"constant_value":"private"},"bucket":{"constant_value":"mybucket"},"tags":{"constant_value":{"Name":"My bucket"}}},"schema_version":0}]}}}
