{"format_version":"0.1","terraform_version":"0.13.0","planned_values":{"root_module":{"resources":[{"address":"aws_kms_key.a","mode":"managed","type":"aws_kms_key","name":"a","provider_name":"registry.terraform.io/hashicorp/aws","schema_version":0,"values":{"customer_master_key_spec":"SYMMETRIC_DEFAULT","deletion_window_in_days":10,"description":"KMS key 1","enable_key_rotation":true,"is_enabled":true,"key_usage":"ENCRYPT_DECRYPT","tags":null}}]}},"resource_changes":[{"address":"aws_kms_key.a","mode":"managed","type":"aws_kms_key","name":"a","provider_name":"registry.terraform.io/hashicorp/aws","change":{"actions":["create"],"before":null,"after":{"customer_master_key_spec":"SYMMETRIC_DEFAULT","deletion_window_in_days":10,"description":"KMS key 1","enable_key_rotation":true,"is_enabled":true,"key_usage":"ENCRYPT_DECRYPT","tags":null},"after_unknown":{"arn":true,"id":true,"key_id":true,"policy":true}}}],"configuration":{"root_module":{"resources":[{"address":"aws_kms_key.a","mode":"managed","type":"aws_kms_key","name":"a","provider_config_key":"aws","expressions":{"deletion_window_in_days":{"constant_value":10},"description":{"constant_value":"KMS key 1"},"enable_key_rotation":{"constant_value":true}},"schema_version":0}]}}}
