{"format_version":"0.1","terraform_version":"0.12.25","planned_values":{"root_module":{"resources":[{"address":"aws_dynamodb_table.basic-dynamodb-table","mode":"managed","type":"aws_dynamodb_table","name":"basic-dynamodb-table","provider_name":"aws","schema_version":1,"values":{"attribute":[{"name":"GameTitle","type":"S"},{"name":"TopScore","type":"N"},{"name":"UserId","type":"S"}],"billing_mode":"PROVISIONED","global_secondary_index":[{"hash_key":"GameTitle","name":"GameTitleIndex","non_key_attributes":["UserId"],"projection_type":"INCLUDE","range_key":"TopScore","read_capacity":10,"write_capacity":10}],"hash_key":"UserId","local_secondary_index":[],"name":"GameScores","point_in_time_recovery":[{"enabled":false}],"range_key":"GameTitle","read_capacity":20,"replica":[],"server_side_encryption":[{"enabled":true}],"stream_enabled":null,"tags":{"Environment":"production","Name":"dynamodb-table-1"},"timeouts":null,"ttl":[{"attribute_name":"TimeToExist","enabled":false}],"write_capacity":20}}]}},"resource_changes":[{"address":"aws_dynamodb_table.basic-dynamodb-table","mode":"managed","type":"aws_dynamodb_table","name":"basic-dynamodb-table","provider_name":"aws","change":{"actions":["create"],"before":null,"after":{"attribute":[{"name":"GameTitle","type":"S"},{"name":"TopScore","type":"N"},{"name":"UserId","type":"S"}],"billing_mode":"PROVISIONED","global_secondary_index":[{"hash_key":"GameTitle","name":"GameTitleIndex","non_key_attributes":["UserId"],"projection_type":"INCLUDE","range_key":"TopScore","read_capacity":10,"write_capacity":10}],"hash_key":"UserId","local_secondary_index":[],"name":"GameScores","point_in_time_recovery":[{"enabled":false}],"range_key":"GameTitle","read_capacity":20,"replica":[],"server_side_encryption":[{"enabled":true}],"stream_enabled":null,"tags":{"Environment":"production","Name":"dynamodb-table-1"},"timeouts":null,"ttl":[{"attribute_name":"TimeToExist","enabled":false}],"write_capacity":20},"after_unknown":{"arn":true,"attribute":[{},{},{}],"global_secondary_index":[{"non_key_attributes":[false]}],"id":true,"local_secondary_index":[],"point_in_time_recovery":[{}],"replica":[],"server_side_encryption":[{"kms_key_arn":true}],"stream_arn":true,"stream_label":true,"stream_view_type":true,"tags":{},"ttl":[{}]}}}],"configuration":{"root_module":{"resources":[{"address":"aws_dynamodb_table.basic-dynamodb-table","mode":"managed","type":"aws_dynamodb_table","name":"basic-dynamodb-table","provider_config_key":"aws","expressions":{"attribute":[{"name":{"constant_value":"UserId"},"type":{"constant_value":"S"}},{"name":{"constant_value":"GameTitle"},"type":{"constant_value":"S"}},{"name":{"constant_value":"TopScore"},"type":{"constant_value":"N"}}],"billing_mode":{"constant_value":"PROVISIONED"},"global_secondary_index":[{"hash_key":{"constant_value":"GameTitle"},"name":{"constant_value":"GameTitleIndex"},"non_key_attributes":{"constant_value":["UserId"]},"projection_type":{"constant_value":"INCLUDE"},"range_key":{"constant_value":"TopScore"},"read_capacity":{"constant_value":10},"write_capacity":{"constant_value":10}}],"hash_key":{"constant_value":"UserId"},"name":{"constant_value":"GameScores"},"point_in_time_recovery":[{"enabled":{"constant_value":false}}],"range_key":{"constant_value":"GameTitle"},"read_capacity":{"constant_value":20},"server_side_encryption":[{"enabled":{"constant_value":true}}],"tags":{"constant_value":{"Environment":"production","Name":"dynamodb-table-1"}},"ttl":[{"attribute_name":{"constant_value":"TimeToExist"},"enabled":{"constant_value":false}}],"write_capacity":{"constant_value":20}},"schema_version":1}]}}}
