{"format_version":"0.1","terraform_version":"0.13.0","planned_values":{"root_module":{"resources":[{"address":"aws_elasticsearch_domain.example","mode":"managed","type":"aws_elasticsearch_domain","name":"example","provider_name":"registry.terraform.io/hashicorp/aws","schema_version":0,"values":{"cluster_config":[{"dedicated_master_count":null,"dedicated_master_enabled":false,"dedicated_master_type":null,"instance_count":1,"instance_type":"r4.large.elasticsearch","warm_count":null,"warm_enabled":null,"warm_type":null,"zone_awareness_config":[],"zone_awareness_enabled":null}],"cognito_options":[],"domain_name":"example","elasticsearch_version":"1.5","encrypt_at_rest":[{"enabled":false}],"log_publishing_options":[],"snapshot_options":[{"automated_snapshot_start_hour":23}],"tags":{"Domain":"TestDomain"},"timeouts":null,"vpc_options":[]}},{"address":"aws_elasticsearch_domain.example2","mode":"managed","type":"aws_elasticsearch_domain","name":"example2","provider_name":"registry.terraform.io/hashicorp/aws","schema_version":0,"values":{"cluster_config":[{"dedicated_master_count":null,"dedicated_master_enabled":false,"dedicated_master_type":null,"instance_count":1,"instance_type":"r4.large.elasticsearch","warm_count":null,"warm_enabled":null,"warm_type":null,"zone_awareness_config":[],"zone_awareness_enabled":null}],"cognito_options":[],"domain_name":"example","elasticsearch_version":"1.5","log_publishing_options":[],"snapshot_options":[{"automated_snapshot_start_hour":23}],"tags":{"Domain":"TestDomain"},"timeouts":null,"vpc_options":[]}}]}},"resource_changes":[{"address":"aws_elasticsearch_domain.example","mode":"managed","type":"aws_elasticsearch_domain","name":"example","provider_name":"registry.terraform.io/hashicorp/aws","change":{"actions":["create"],"before":null,"after":{"cluster_config":[{"dedicated_master_count":null,"dedicated_master_enabled":false,"dedicated_master_type":null,"instance_count":1,"instance_type":"r4.large.elasticsearch","warm_count":null,"warm_enabled":null,"warm_type":null,"zone_awareness_config":[],"zone_awareness_enabled":null}],"cognito_options":[],"domain_name":"example","elasticsearch_version":"1.5","encrypt_at_rest":[{"enabled":false}],"log_publishing_options":[],"snapshot_options":[{"automated_snapshot_start_hour":23}],"tags":{"Domain":"TestDomain"},"timeouts":null,"vpc_options":[]},"after_unknown":{"access_policies":true,"advanced_options":true,"advanced_security_options":true,"arn":true,"cluster_config":[{"zone_awareness_config":[]}],"cognito_options":[],"domain_endpoint_options":true,"domain_id":true,"ebs_options":true,"encrypt_at_rest":[{"kms_key_id":true}],"endpoint":true,"id":true,"kibana_endpoint":true,"log_publishing_options":[],"node_to_node_encryption":true,"snapshot_options":[{}],"tags":{},"vpc_options":[]}}},{"address":"aws_elasticsearch_domain.example2","mode":"managed","type":"aws_elasticsearch_domain","name":"example2","provider_name":"registry.terraform.io/hashicorp/aws","change":{"actions":["create"],"before":null,"after":{"cluster_config":[{"dedicated_master_count":null,"dedicated_master_enabled":false,"dedicated_master_type":null,"instance_count":1,"instance_type":"r4.large.elasticsearch","warm_count":null,"warm_enabled":null,"warm_type":null,"zone_awareness_config":[],"zone_awareness_enabled":null}],"cognito_options":[],"domain_name":"example","elasticsearch_version":"1.5","log_publishing_options":[],"snapshot_options":[{"automated_snapshot_start_hour":23}],"tags":{"Domain":"TestDomain"},"timeouts":null,"vpc_options":[]},"after_unknown":{"access_policies":true,"advanced_options":true,"advanced_security_options":true,"arn":true,"cluster_config":[{"zone_awareness_config":[]}],"cognito_options":[],"domain_endpoint_options":true,"domain_id":true,"ebs_options":true,"encrypt_at_rest":true,"endpoint":true,"id":true,"kibana_endpoint":true,"log_publishing_options":[],"node_to_node_encryption":true,"snapshot_options":[{}],"tags":{},"vpc_options":[]}}}],"configuration":{"root_module":{"resources":[{"address":"aws_elasticsearch_domain.example","mode":"managed","type":"aws_elasticsearch_domain","name":"example","provider_config_key":"aws","expressions":{"cluster_config":[{"instance_type":{"constant_value":"r4.large.elasticsearch"}}],"domain_name":{"constant_value":"example"},"elasticsearch_version":{"constant_value":"1.5"},"encrypt_at_rest":[{"enabled":{"constant_value":false}}],"snapshot_options":[{"automated_snapshot_start_hour":{"constant_value":23}}],"tags":{"constant_value":{"Domain":"TestDomain"}}},"schema_version":0},{"address":"aws_elasticsearch_domain.example2","mode":"managed","type":"aws_elasticsearch_domain","name":"example2","provider_config_key":"aws","expressions":{"cluster_config":[{"instance_type":{"constant_value":"r4.large.elasticsearch"}}],"domain_name":{"constant_value":"example"},"elasticsearch_version":{"constant_value":"1.5"},"snapshot_options":[{"automated_snapshot_start_hour":{"constant_value":23}}],"tags":{"constant_value":{"Domain":"TestDomain"}}},"schema_version":0}]}}}
