{"format_version":"0.1","terraform_version":"0.13.5","planned_values":{"root_module":{"resources":[{"address":"azurerm_log_analytics_workspace.test","mode":"managed","type":"azurerm_log_analytics_workspace","name":"test","provider_name":"registry.terraform.io/hashicorp/azurerm","schema_version":2,"values":{"daily_quota_gb":-1,"internet_ingestion_enabled":true,"internet_query_enabled":true,"location":"eastus","name":"acctestlaw","resource_group_name":"example-resources","sku":"PerGB2018","tags":null,"timeouts":null}},{"address":"azurerm_network_security_group.test","mode":"managed","type":"azurerm_network_security_group","name":"test","provider_name":"registry.terraform.io/hashicorp/azurerm","schema_version":0,"values":{"location":"eastus","name":"acctestnsg","resource_group_name":"example-resources","tags":null,"timeouts":null}},{"address":"azurerm_network_watcher.test","mode":"managed","type":"azurerm_network_watcher","name":"test","provider_name":"registry.terraform.io/hashicorp/azurerm","schema_version":0,"values":{"location":"eastus","name":"acctestnw","resource_group_name":"example-resources","tags":null,"timeouts":null}},{"address":"azurerm_network_watcher_flow_log.test","mode":"managed","type":"azurerm_network_watcher_flow_log","name":"test","provider_name":"registry.terraform.io/hashicorp/azurerm","schema_version":0,"values":{"enabled":true,"network_watcher_name":"acctestnw","resource_group_name":"example-resources","retention_policy":[{"days":91,"enabled":false}],"timeouts":null,"traffic_analytics":[{"enabled":true,"interval_in_minutes":10,"workspace_region":"eastus"}]}},{"address":"azurerm_resource_group.test","mode":"managed","type":"azurerm_resource_group","name":"test","provider_name":"registry.terraform.io/hashicorp/azurerm","schema_version":0,"values":{"location":"eastus","name":"example-resources","tags":null,"timeouts":null}},{"address":"azurerm_storage_account.test","mode":"managed","type":"azurerm_storage_account","name":"test","provider_name":"registry.terraform.io/hashicorp/azurerm","schema_version":2,"values":{"account_kind":"StorageV2","account_replication_type":"LRS","account_tier":"Standard","allow_blob_public_access":false,"custom_domain":[],"enable_https_traffic_only":true,"is_hns_enabled":false,"location":"eastus","min_tls_version":"TLS1_0","name":"acctestsa","resource_group_name":"example-resources","static_website":[],"tags":null,"timeouts":null}}]}},"resource_changes":[{"address":"azurerm_log_analytics_workspace.test","mode":"managed","type":"azurerm_log_analytics_workspace","name":"test","provider_name":"registry.terraform.io/hashicorp/azurerm","change":{"actions":["create"],"before":null,"after":{"daily_quota_gb":-1,"internet_ingestion_enabled":true,"internet_query_enabled":true,"location":"eastus","name":"acctestlaw","resource_group_name":"example-resources","sku":"PerGB2018","tags":null,"timeouts":null},"after_unknown":{"id":true,"portal_url":true,"primary_shared_key":true,"retention_in_days":true,"secondary_shared_key":true,"workspace_id":true}}},{"address":"azurerm_network_security_group.test","mode":"managed","type":"azurerm_network_security_group","name":"test","provider_name":"registry.terraform.io/hashicorp/azurerm","change":{"actions":["create"],"before":null,"after":{"location":"eastus","name":"acctestnsg","resource_group_name":"example-resources","tags":null,"timeouts":null},"after_unknown":{"id":true,"security_rule":true}}},{"address":"azurerm_network_watcher.test","mode":"managed","type":"azurerm_network_watcher","name":"test","provider_name":"registry.terraform.io/hashicorp/azurerm","change":{"actions":["create"],"before":null,"after":{"location":"eastus","name":"acctestnw","resource_group_name":"example-resources","tags":null,"timeouts":null},"after_unknown":{"id":true}}},{"address":"azurerm_network_watcher_flow_log.test","mode":"managed","type":"azurerm_network_watcher_flow_log","name":"test","provider_name":"registry.terraform.io/hashicorp/azurerm","change":{"actions":["create"],"before":null,"after":{"enabled":true,"network_watcher_name":"acctestnw","resource_group_name":"example-resources","retention_policy":[{"days":91,"enabled":false}],"timeouts":null,"traffic_analytics":[{"enabled":true,"interval_in_minutes":10,"workspace_region":"eastus"}]},"after_unknown":{"id":true,"network_security_group_id":true,"retention_policy":[{}],"storage_account_id":true,"traffic_analytics":[{"workspace_id":true,"workspace_resource_id":true}],"version":true}}},{"address":"azurerm_resource_group.test","mode":"managed","type":"azurerm_resource_group","name":"test","provider_name":"registry.terraform.io/hashicorp/azurerm","change":{"actions":["create"],"before":null,"after":{"location":"eastus","name":"example-resources","tags":null,"timeouts":null},"after_unknown":{"id":true}}},{"address":"azurerm_storage_account.test","mode":"managed","type":"azurerm_storage_account","name":"test","provider_name":"registry.terraform.io/hashicorp/azurerm","change":{"actions":["create"],"before":null,"after":{"account_kind":"StorageV2","account_replication_type":"LRS","account_tier":"Standard","allow_blob_public_access":false,"custom_domain":[],"enable_https_traffic_only":true,"is_hns_enabled":false,"location":"eastus","min_tls_version":"TLS1_0","name":"acctestsa","resource_group_name":"example-resources","static_website":[],"tags":null,"timeouts":null},"after_unknown":{"access_tier":true,"blob_properties":true,"custom_domain":[],"id":true,"identity":true,"large_file_share_enabled":true,"network_rules":true,"primary_access_key":true,"primary_blob_connection_string":true,"primary_blob_endpoint":true,"primary_blob_host":true,"primary_connection_string":true,"primary_dfs_endpoint":true,"primary_dfs_host":true,"primary_file_endpoint":true,"primary_file_host":true,"primary_location":true,"primary_queue_endpoint":true,"primary_queue_host":true,"primary_table_endpoint":true,"primary_table_host":true,"primary_web_endpoint":true,"primary_web_host":true,"queue_properties":true,"secondary_access_key":true,"secondary_blob_connection_string":true,"secondary_blob_endpoint":true,"secondary_blob_host":true,"secondary_connection_string":true,"secondary_dfs_endpoint":true,"secondary_dfs_host":true,"secondary_file_endpoint":true,"secondary_file_host":true,"secondary_location":true,"secondary_queue_endpoint":true,"secondary_queue_host":true,"secondary_table_endpoint":true,"secondary_table_host":true,"secondary_web_endpoint":true,"secondary_web_host":true,"static_website":[]}}}],"configuration":{"provider_config":{"azurerm":{"name":"azurerm","expressions":{"features":[{}]}}},"root_module":{"resources":[{"address":"azurerm_log_analytics_workspace.test","mode":"managed","type":"azurerm_log_analytics_workspace","name":"test","provider_config_key":"azurerm","expressions":{"location":{"references":["azurerm_resource_group.test"]},"name":{"constant_value":"acctestlaw"},"resource_group_name":{"references":["azurerm_resource_group.test"]},"sku":{"constant_value":"PerGB2018"}},"schema_version":2},{"address":"azurerm_network_security_group.test","mode":"managed","type":"azurerm_network_security_group","name":"test","provider_config_key":"azurerm","expressions":{"location":{"references":["azurerm_resource_group.test"]},"name":{"constant_value":"acctestnsg"},"resource_group_name":{"references":["azurerm_resource_group.test"]}},"schema_version":0},{"address":"azurerm_network_watcher.test","mode":"managed","type":"azurerm_network_watcher","name":"test","provider_config_key":"azurerm","expressions":{"location":{"references":["azurerm_resource_group.test"]},"name":{"constant_value":"acctestnw"},"resource_group_name":{"references":["azurerm_resource_group.test"]}},"schema_version":0},{"address":"azurerm_network_watcher_flow_log.test","mode":"managed","type":"azurerm_network_watcher_flow_log","name":"test","provider_config_key":"azurerm","expressions":{"enabled":{"constant_value":true},"network_security_group_id":{"references":["azurerm_network_security_group.test"]},"network_watcher_name":{"references":["azurerm_network_watcher.test"]},"resource_group_name":{"references":["azurerm_resource_group.test"]},"retention_policy":[{"days":{"constant_value":91},"enabled":{"constant_value":false}}],"storage_account_id":{"references":["azurerm_storage_account.test"]},"traffic_analytics":[{"enabled":{"constant_value":true},"interval_in_minutes":{"constant_value":10},"workspace_id":{"references":["azurerm_log_analytics_workspace.test"]},"workspace_region":{"references":["azurerm_log_analytics_workspace.test"]},"workspace_resource_id":{"references":["azurerm_log_analytics_workspace.test"]}}]},"schema_version":0},{"address":"azurerm_resource_group.test","mode":"managed","type":"azurerm_resource_group","name":"test","provider_config_key":"azurerm","expressions":{"location":{"constant_value":"eastus"},"name":{"constant_value":"example-resources"}},"schema_version":0},{"address":"azurerm_storage_account.test","mode":"managed","type":"azurerm_storage_account","name":"test","provider_config_key":"azurerm","expressions":{"account_kind":{"constant_value":"StorageV2"},"account_replication_type":{"constant_value":"LRS"},"account_tier":{"constant_value":"Standard"},"enable_https_traffic_only":{"constant_value":true},"location":{"references":["azurerm_resource_group.test"]},"name":{"constant_value":"acctestsa"},"resource_group_name":{"references":["azurerm_resource_group.test"]}},"schema_version":2}]}}}
