{"format_version":"0.1","terraform_version":"0.12.25","planned_values":{"root_module":{"resources":[{"address":"aws_ecr_repository.foo","mode":"managed","type":"aws_ecr_repository","name":"foo","provider_name":"aws","schema_version":0,"values":{"image_scanning_configuration":[{"scan_on_push":false}],"image_tag_mutability":"MUTABLE","name":"bar","tags":null,"timeouts":null}}]}},"resource_changes":[{"address":"aws_ecr_repository.foo","mode":"managed","type":"aws_ecr_repository","name":"foo","provider_name":"aws","change":{"actions":["create"],"before":null,"after":{"image_scanning_configuration":[{"scan_on_push":false}],"image_tag_mutability":"MUTABLE","name":"bar","tags":null,"timeouts":null},"after_unknown":{"arn":true,"id":true,"image_scanning_configuration":[{}],"registry_id":true,"repository_url":true}}}],"configuration":{"root_module":{"resources":[{"address":"aws_ecr_repository.foo","mode":"managed","type":"aws_ecr_repository","name":"foo","provider_config_key":"aws","expressions":{"image_scanning_configuration":[{"scan_on_push":{"constant_value":false}}],"image_tag_mutability":{"constant_value":"MUTABLE"},"name":{"constant_value":"bar"}},"schema_version":0}]}}}
