{"format_version":"0.1","terraform_version":"0.13.0","planned_values":{"root_module":{"resources":[{"address":"aws_security_group.example_group","mode":"managed","type":"aws_security_group","name":"example_group","provider_name":"registry.terraform.io/hashicorp/aws","schema_version":1,"values":{"description":"Allow TLS inbound traffic","egress":[{"cidr_blocks":["0.0.0.0/0"],"description":"","from_port":0,"ipv6_cidr_blocks":[],"prefix_list_ids":[],"protocol":"-1","security_groups":[],"self":false,"to_port":0}],"ingress":[{"cidr_blocks":["10.0.0.0/16"],"description":"TLS from VPC","from_port":443,"ipv6_cidr_blocks":[],"prefix_list_ids":[],"protocol":"tcp","security_groups":[],"self":false,"to_port":443}],"name":"allow_tls","name_prefix":null,"revoke_rules_on_delete":false,"tags":{"Name":"allow_tls"},"timeouts":null}},{"address":"aws_security_group.example_group_22","mode":"managed","type":"aws_security_group","name":"example_group_22","provider_name":"registry.terraform.io/hashicorp/aws","schema_version":1,"values":{"description":"Allow TLS inbound traffic","egress":[{"cidr_blocks":["0.0.0.0/0"],"description":"","from_port":0,"ipv6_cidr_blocks":[],"prefix_list_ids":[],"protocol":"-1","security_groups":[],"self":false,"to_port":0}],"ingress":[{"cidr_blocks":["10.0.0.0/16"],"description":"TLS from VPC","from_port":443,"ipv6_cidr_blocks":[],"prefix_list_ids":[],"protocol":"tcp","security_groups":[],"self":false,"to_port":22}],"name":"allow_tls","name_prefix":null,"revoke_rules_on_delete":false,"tags":{"Name":"allow_tls"},"timeouts":null}},{"address":"aws_security_group.example_group_3389","mode":"managed","type":"aws_security_group","name":"example_group_3389","provider_name":"registry.terraform.io/hashicorp/aws","schema_version":1,"values":{"description":"Allow TLS inbound traffic","egress":[{"cidr_blocks":["0.0.0.0/0"],"description":"","from_port":0,"ipv6_cidr_blocks":[],"prefix_list_ids":[],"protocol":"-1","security_groups":[],"self":false,"to_port":0}],"ingress":[{"cidr_blocks":["10.0.0.0/16"],"description":"TLS from VPC","from_port":443,"ipv6_cidr_blocks":[],"prefix_list_ids":[],"protocol":"tcp","security_groups":[],"self":false,"to_port":3389}],"name":"allow_tls","name_prefix":null,"revoke_rules_on_delete":false,"tags":{"Name":"allow_tls"},"timeouts":null}},{"address":"aws_security_group_rule.example_rule","mode":"managed","type":"aws_security_group_rule","name":"example_rule","provider_name":"registry.terraform.io/hashicorp/aws","schema_version":2,"values":{"cidr_blocks":["10.0.0.0/16"],"description":"An example security group","from_port":0,"ipv6_cidr_blocks":null,"prefix_list_ids":null,"protocol":"tcp","security_group_id":"sg-123456","self":false,"to_port":65535,"type":"ingress"}},{"address":"aws_security_group_rule.example_rule_22","mode":"managed","type":"aws_security_group_rule","name":"example_rule_22","provider_name":"registry.terraform.io/hashicorp/aws","schema_version":2,"values":{"cidr_blocks":["10.0.0.0/16"],"description":"An example security group","from_port":0,"ipv6_cidr_blocks":null,"prefix_list_ids":null,"protocol":"tcp","security_group_id":"sg-123456","self":false,"to_port":22,"type":"ingress"}},{"address":"aws_security_group_rule.example_rule_3389","mode":"managed","type":"aws_security_group_rule","name":"example_rule_3389","provider_name":"registry.terraform.io/hashicorp/aws","schema_version":2,"values":{"cidr_blocks":["10.0.0.0/16"],"description":"An example security group","from_port":0,"ipv6_cidr_blocks":null,"prefix_list_ids":null,"protocol":"tcp","security_group_id":"sg-123456","self":false,"to_port":3389,"type":"ingress"}}]}},"resource_changes":[{"address":"aws_security_group.example_group","mode":"managed","type":"aws_security_group","name":"example_group","provider_name":"registry.terraform.io/hashicorp/aws","change":{"actions":["create"],"before":null,"after":{"description":"Allow TLS inbound traffic","egress":[{"cidr_blocks":["0.0.0.0/0"],"description":"","from_port":0,"ipv6_cidr_blocks":[],"prefix_list_ids":[],"protocol":"-1","security_groups":[],"self":false,"to_port":0}],"ingress":[{"cidr_blocks":["10.0.0.0/16"],"description":"TLS from VPC","from_port":443,"ipv6_cidr_blocks":[],"prefix_list_ids":[],"protocol":"tcp","security_groups":[],"self":false,"to_port":443}],"name":"allow_tls","name_prefix":null,"revoke_rules_on_delete":false,"tags":{"Name":"allow_tls"},"timeouts":null},"after_unknown":{"arn":true,"egress":[{"cidr_blocks":[false],"ipv6_cidr_blocks":[],"prefix_list_ids":[],"security_groups":[]}],"id":true,"ingress":[{"cidr_blocks":[false],"ipv6_cidr_blocks":[],"prefix_list_ids":[],"security_groups":[]}],"owner_id":true,"tags":{},"vpc_id":true}}},{"address":"aws_security_group.example_group_22","mode":"managed","type":"aws_security_group","name":"example_group_22","provider_name":"registry.terraform.io/hashicorp/aws","change":{"actions":["create"],"before":null,"after":{"description":"Allow TLS inbound traffic","egress":[{"cidr_blocks":["0.0.0.0/0"],"description":"","from_port":0,"ipv6_cidr_blocks":[],"prefix_list_ids":[],"protocol":"-1","security_groups":[],"self":false,"to_port":0}],"ingress":[{"cidr_blocks":["10.0.0.0/16"],"description":"TLS from VPC","from_port":443,"ipv6_cidr_blocks":[],"prefix_list_ids":[],"protocol":"tcp","security_groups":[],"self":false,"to_port":22}],"name":"allow_tls","name_prefix":null,"revoke_rules_on_delete":false,"tags":{"Name":"allow_tls"},"timeouts":null},"after_unknown":{"arn":true,"egress":[{"cidr_blocks":[false],"ipv6_cidr_blocks":[],"prefix_list_ids":[],"security_groups":[]}],"id":true,"ingress":[{"cidr_blocks":[false],"ipv6_cidr_blocks":[],"prefix_list_ids":[],"security_groups":[]}],"owner_id":true,"tags":{},"vpc_id":true}}},{"address":"aws_security_group.example_group_3389","mode":"managed","type":"aws_security_group","name":"example_group_3389","provider_name":"registry.terraform.io/hashicorp/aws","change":{"actions":["create"],"before":null,"after":{"description":"Allow TLS inbound traffic","egress":[{"cidr_blocks":["0.0.0.0/0"],"description":"","from_port":0,"ipv6_cidr_blocks":[],"prefix_list_ids":[],"protocol":"-1","security_groups":[],"self":false,"to_port":0}],"ingress":[{"cidr_blocks":["10.0.0.0/16"],"description":"TLS from VPC","from_port":443,"ipv6_cidr_blocks":[],"prefix_list_ids":[],"protocol":"tcp","security_groups":[],"self":false,"to_port":3389}],"name":"allow_tls","name_prefix":null,"revoke_rules_on_delete":false,"tags":{"Name":"allow_tls"},"timeouts":null},"after_unknown":{"arn":true,"egress":[{"cidr_blocks":[false],"ipv6_cidr_blocks":[],"prefix_list_ids":[],"security_groups":[]}],"id":true,"ingress":[{"cidr_blocks":[false],"ipv6_cidr_blocks":[],"prefix_list_ids":[],"security_groups":[]}],"owner_id":true,"tags":{},"vpc_id":true}}},{"address":"aws_security_group_rule.example_rule","mode":"managed","type":"aws_security_group_rule","name":"example_rule","provider_name":"registry.terraform.io/hashicorp/aws","change":{"actions":["create"],"before":null,"after":{"cidr_blocks":["10.0.0.0/16"],"description":"An example security group","from_port":0,"ipv6_cidr_blocks":null,"prefix_list_ids":null,"protocol":"tcp","security_group_id":"sg-123456","self":false,"to_port":65535,"type":"ingress"},"after_unknown":{"cidr_blocks":[false],"id":true,"source_security_group_id":true}}},{"address":"aws_security_group_rule.example_rule_22","mode":"managed","type":"aws_security_group_rule","name":"example_rule_22","provider_name":"registry.terraform.io/hashicorp/aws","change":{"actions":["create"],"before":null,"after":{"cidr_blocks":["10.0.0.0/16"],"description":"An example security group","from_port":0,"ipv6_cidr_blocks":null,"prefix_list_ids":null,"protocol":"tcp","security_group_id":"sg-123456","self":false,"to_port":22,"type":"ingress"},"after_unknown":{"cidr_blocks":[false],"id":true,"source_security_group_id":true}}},{"address":"aws_security_group_rule.example_rule_3389","mode":"managed","type":"aws_security_group_rule","name":"example_rule_3389","provider_name":"registry.terraform.io/hashicorp/aws","change":{"actions":["create"],"before":null,"after":{"cidr_blocks":["10.0.0.0/16"],"description":"An example security group","from_port":0,"ipv6_cidr_blocks":null,"prefix_list_ids":null,"protocol":"tcp","security_group_id":"sg-123456","self":false,"to_port":3389,"type":"ingress"},"after_unknown":{"cidr_blocks":[false],"id":true,"source_security_group_id":true}}}],"configuration":{"root_module":{"resources":[{"address":"aws_security_group.example_group","mode":"managed","type":"aws_security_group","name":"example_group","provider_config_key":"aws","expressions":{"description":{"constant_value":"Allow TLS inbound traffic"},"name":{"constant_value":"allow_tls"},"tags":{"constant_value":{"Name":"allow_tls"}}},"schema_version":1},{"address":"aws_security_group.example_group_22","mode":"managed","type":"aws_security_group","name":"example_group_22","provider_config_key":"aws","expressions":{"description":{"constant_value":"Allow TLS inbound traffic"},"name":{"constant_value":"allow_tls"},"tags":{"constant_value":{"Name":"allow_tls"}}},"schema_version":1},{"address":"aws_security_group.example_group_3389","mode":"managed","type":"aws_security_group","name":"example_group_3389","provider_config_key":"aws","expressions":{"description":{"constant_value":"Allow TLS inbound traffic"},"name":{"constant_value":"allow_tls"},"tags":{"constant_value":{"Name":"allow_tls"}}},"schema_version":1},{"address":"aws_security_group_rule.example_rule","mode":"managed","type":"aws_security_group_rule","name":"example_rule","provider_config_key":"aws","expressions":{"cidr_blocks":{"constant_value":["10.0.0.0/16"]},"description":{"constant_value":"An example security group"},"from_port":{"constant_value":0},"protocol":{"constant_value":"tcp"},"security_group_id":{"constant_value":"sg-123456"},"to_port":{"constant_value":65535},"type":{"constant_value":"ingress"}},"schema_version":2},{"address":"aws_security_group_rule.example_rule_22","mode":"managed","type":"aws_security_group_rule","name":"example_rule_22","provider_config_key":"aws","expressions":{"cidr_blocks":{"constant_value":["10.0.0.0/16"]},"description":{"constant_value":"An example security group"},"from_port":{"constant_value":0},"protocol":{"constant_value":"tcp"},"security_group_id":{"constant_value":"sg-123456"},"to_port":{"constant_value":22},"type":{"constant_value":"ingress"}},"schema_version":2},{"address":"aws_security_group_rule.example_rule_3389","mode":"managed","type":"aws_security_group_rule","name":"example_rule_3389","provider_config_key":"aws","expressions":{"cidr_blocks":{"constant_value":["10.0.0.0/16"]},"description":{"constant_value":"An example security group"},"from_port":{"constant_value":0},"protocol":{"constant_value":"tcp"},"security_group_id":{"constant_value":"sg-123456"},"to_port":{"constant_value":3389},"type":{"constant_value":"ingress"}},"schema_version":2}]}}}
