{"format_version":"0.1","terraform_version":"0.13.0","planned_values":{"root_module":{"resources":[{"address":"aws_iam_policy.policy","mode":"managed","type":"aws_iam_policy","name":"policy","provider_name":"registry.terraform.io/hashicorp/aws","schema_version":0,"values":{"description":"A test policy","name":"test-policy","name_prefix":null,"path":"/","policy":"{}"}},{"address":"aws_iam_user.user","mode":"managed","type":"aws_iam_user","name":"user","provider_name":"registry.terraform.io/hashicorp/aws","schema_version":0,"values":{"force_destroy":false,"name":"test-user","path":"/","permissions_boundary":null,"tags":null}},{"address":"aws_iam_user_policy_attachment.test-attach","mode":"managed","type":"aws_iam_user_policy_attachment","name":"test-attach","provider_name":"registry.terraform.io/hashicorp/aws","schema_version":0,"values":{"user":"test-user"}}]}},"resource_changes":[{"address":"aws_iam_policy.policy","mode":"managed","type":"aws_iam_policy","name":"policy","provider_name":"registry.terraform.io/hashicorp/aws","change":{"actions":["create"],"before":null,"after":{"description":"A test policy","name":"test-policy","name_prefix":null,"path":"/","policy":"{}"},"after_unknown":{"arn":true,"id":true}}},{"address":"aws_iam_user.user","mode":"managed","type":"aws_iam_user","name":"user","provider_name":"registry.terraform.io/hashicorp/aws","change":{"actions":["create"],"before":null,"after":{"force_destroy":false,"name":"test-user","path":"/","permissions_boundary":null,"tags":null},"after_unknown":{"arn":true,"id":true,"unique_id":true}}},{"address":"aws_iam_user_policy_attachment.test-attach","mode":"managed","type":"aws_iam_user_policy_attachment","name":"test-attach","provider_name":"registry.terraform.io/hashicorp/aws","change":{"actions":["create"],"before":null,"after":{"user":"test-user"},"after_unknown":{"id":true,"policy_arn":true}}}],"configuration":{"root_module":{"resources":[{"address":"aws_iam_policy.policy","mode":"managed","type":"aws_iam_policy","name":"policy","provider_config_key":"aws","expressions":{"description":{"constant_value":"A test policy"},"name":{"constant_value":"test-policy"},"policy":{"constant_value":"{}"}},"schema_version":0},{"address":"aws_iam_user.user","mode":"managed","type":"aws_iam_user","name":"user","provider_config_key":"aws","expressions":{"name":{"constant_value":"test-user"}},"schema_version":0},{"address":"aws_iam_user_policy_attachment.test-attach","mode":"managed","type":"aws_iam_user_policy_attachment","name":"test-attach","provider_config_key":"aws","expressions":{"policy_arn":{"references":["aws_iam_policy.policy"]},"user":{"references":["aws_iam_user.user"]}},"schema_version":0}]}}}
