{"format_version":"0.1","terraform_version":"0.12.25","planned_values":{"root_module":{"resources":[{"address":"aws_ebs_volume.example","mode":"managed","type":"aws_ebs_volume","name":"example","provider_name":"aws","schema_version":0,"values":{"availability_zone":"us-west-2a","encrypted":true,"multi_attach_enabled":null,"outpost_arn":null,"size":40,"tags":{"Name":"HelloWorld"}}}]}},"resource_changes":[{"address":"aws_ebs_volume.example","mode":"managed","type":"aws_ebs_volume","name":"example","provider_name":"aws","change":{"actions":["create"],"before":null,"after":{"availability_zone":"us-west-2a","encrypted":true,"multi_attach_enabled":null,"outpost_arn":null,"size":40,"tags":{"Name":"HelloWorld"}},"after_unknown":{"arn":true,"id":true,"iops":true,"kms_key_id":true,"snapshot_id":true,"tags":{},"type":true}}}],"configuration":{"root_module":{"resources":[{"address":"aws_ebs_volume.example","mode":"managed","type":"aws_ebs_volume","name":"example","provider_config_key":"aws","expressions":{"availability_zone":{"constant_value":"us-west-2a"},"encrypted":{"constant_value":true},"size":{"constant_value":40},"tags":{"constant_value":{"Name":"HelloWorld"}}},"schema_version":0}]}}}
