{"format_version":"0.1","terraform_version":"0.12.25","planned_values":{"root_module":{"resources":[{"address":"aws_iam_role.role","mode":"managed","type":"aws_iam_role","name":"role","provider_name":"aws","schema_version":0,"values":{"assume_role_policy":"{\n  \"Version\": \"2012-10-17\",\n  \"Statement\": [\n    {\n      \"Action\": \"sts:AssumeRole\",\n      \"Principal\": {\n        \"Service\": \"ec2.amazonaws.com\"\n      },\n      \"Effect\": \"Allow\",\n      \"Sid\": \"\"\n    }\n  ]\n}\n","description":null,"force_detach_policies":false,"max_session_duration":3600,"name":"test_role","name_prefix":null,"path":"/","permissions_boundary":null,"tags":{"tag-key":"tag-value"}}},{"address":"aws_kms_key.mykey","mode":"managed","type":"aws_kms_key","name":"mykey","provider_name":"aws","schema_version":0,"values":{"customer_master_key_spec":"SYMMETRIC_DEFAULT","deletion_window_in_days":10,"description":"This key is used to encrypt bucket objects","enable_key_rotation":false,"is_enabled":true,"key_usage":"ENCRYPT_DECRYPT","tags":null}},{"address":"aws_sagemaker_notebook_instance.ni","mode":"managed","type":"aws_sagemaker_notebook_instance","name":"ni","provider_name":"aws","schema_version":0,"values":{"direct_internet_access":"Enabled","instance_type":"ml.t2.medium","kms_key_id":"$aws_kms_key.mykey.arn","lifecycle_config_name":null,"name":"my-notebook-instance","role_arn":"$aws_iam_role.role.arn","subnet_id":null,"tags":{"Name":"foo"}}}]}},"resource_changes":[{"address":"aws_iam_role.role","mode":"managed","type":"aws_iam_role","name":"role","provider_name":"aws","change":{"actions":["create"],"before":null,"after":{"assume_role_policy":"{\n  \"Version\": \"2012-10-17\",\n  \"Statement\": [\n    {\n      \"Action\": \"sts:AssumeRole\",\n      \"Principal\": {\n        \"Service\": \"ec2.amazonaws.com\"\n      },\n      \"Effect\": \"Allow\",\n      \"Sid\": \"\"\n    }\n  ]\n}\n","description":null,"force_detach_policies":false,"max_session_duration":3600,"name":"test_role","name_prefix":null,"path":"/","permissions_boundary":null,"tags":{"tag-key":"tag-value"}},"after_unknown":{"arn":true,"create_date":true,"id":true,"tags":{},"unique_id":true}}},{"address":"aws_kms_key.mykey","mode":"managed","type":"aws_kms_key","name":"mykey","provider_name":"aws","change":{"actions":["create"],"before":null,"after":{"customer_master_key_spec":"SYMMETRIC_DEFAULT","deletion_window_in_days":10,"description":"This key is used to encrypt bucket objects","enable_key_rotation":false,"is_enabled":true,"key_usage":"ENCRYPT_DECRYPT","tags":null},"after_unknown":{"arn":true,"id":true,"key_id":true,"policy":true}}},{"address":"aws_sagemaker_notebook_instance.ni","mode":"managed","type":"aws_sagemaker_notebook_instance","name":"ni","provider_name":"aws","change":{"actions":["create"],"before":null,"after":{"direct_internet_access":"Enabled","instance_type":"ml.t2.medium","kms_key_id":"$aws_kms_key.mykey.arn","lifecycle_config_name":null,"name":"my-notebook-instance","role_arn":"$aws_iam_role.role.arn","subnet_id":null,"tags":{"Name":"foo"}},"after_unknown":{"arn":true,"id":true,"security_groups":true,"tags":{}}}}],"configuration":{"root_module":{"resources":[{"address":"aws_iam_role.role","mode":"managed","type":"aws_iam_role","name":"role","provider_config_key":"aws","expressions":{"assume_role_policy":{"constant_value":"{\n  \"Version\": \"2012-10-17\",\n  \"Statement\": [\n    {\n      \"Action\": \"sts:AssumeRole\",\n      \"Principal\": {\n        \"Service\": \"ec2.amazonaws.com\"\n      },\n      \"Effect\": \"Allow\",\n      \"Sid\": \"\"\n    }\n  ]\n}\n"},"name":{"constant_value":"test_role"},"tags":{"constant_value":{"tag-key":"tag-value"}}},"schema_version":0},{"address":"aws_kms_key.mykey","mode":"managed","type":"aws_kms_key","name":"mykey","provider_config_key":"aws","expressions":{"deletion_window_in_days":{"constant_value":10},"description":{"constant_value":"This key is used to encrypt bucket objects"}},"schema_version":0},{"address":"aws_sagemaker_notebook_instance.ni","mode":"managed","type":"aws_sagemaker_notebook_instance","name":"ni","provider_config_key":"aws","expressions":{"instance_type":{"constant_value":"ml.t2.medium"},"kms_key_id":{"constant_value":"$aws_kms_key.mykey.arn"},"name":{"constant_value":"my-notebook-instance"},"role_arn":{"constant_value":"$aws_iam_role.role.arn"},"tags":{"constant_value":{"Name":"foo"}}},"schema_version":0}]}}}
