{"format_version":"0.1","terraform_version":"0.13.5","planned_values":{"root_module":{"resources":[{"address":"azurerm_app_service.example","mode":"managed","type":"azurerm_app_service","name":"example","provider_name":"registry.terraform.io/hashicorp/azurerm","schema_version":0,"values":{"app_settings":{"SOME_KEY":"some-value"},"auth_settings":[{"active_directory":[],"additional_login_params":null,"allowed_external_redirect_urls":null,"default_provider":null,"enabled":true,"facebook":[],"google":[],"issuer":null,"microsoft":[],"runtime_version":null,"token_refresh_extension_hours":72,"token_store_enabled":false,"twitter":[],"unauthenticated_client_action":null}],"backup":[],"client_affinity_enabled":false,"client_cert_enabled":true,"connection_string":[{"name":"Database","type":"SQLServer","value":"Server=some-server.mydomain.com;Integrated Security=SSPI"}],"enabled":true,"https_only":true,"identity":[{"identity_ids":null,"type":"SystemAssigned"}],"location":"westeurope","name":"example-app-service","resource_group_name":"example-resources","site_config":[{"always_on":false,"app_command_line":null,"auto_swap_slot_name":null,"default_documents":null,"dotnet_framework_version":"v4.0","health_check_path":null,"http2_enabled":false,"java_container":null,"java_container_version":null,"java_version":null,"min_tls_version":"1.2","php_version":null,"python_version":null,"remote_debugging_enabled":false,"scm_type":"LocalGit","scm_use_main_ip_restriction":false,"use_32_bit_worker_process":null}],"tags":null,"timeouts":null}},{"address":"azurerm_app_service_plan.example","mode":"managed","type":"azurerm_app_service_plan","name":"example","provider_name":"registry.terraform.io/hashicorp/azurerm","schema_version":0,"values":{"app_service_environment_id":null,"is_xenon":null,"kind":"Windows","location":"westeurope","name":"example-appserviceplan","per_site_scaling":null,"reserved":null,"resource_group_name":"example-resources","sku":[{"size":"S1","tier":"Standard"}],"tags":null,"timeouts":null}},{"address":"azurerm_resource_group.example","mode":"managed","type":"azurerm_resource_group","name":"example","provider_name":"registry.terraform.io/hashicorp/azurerm","schema_version":0,"values":{"location":"westeurope","name":"example-resources","tags":null,"timeouts":null}}]}},"resource_changes":[{"address":"azurerm_app_service.example","mode":"managed","type":"azurerm_app_service","name":"example","provider_name":"registry.terraform.io/hashicorp/azurerm","change":{"actions":["create"],"before":null,"after":{"app_settings":{"SOME_KEY":"some-value"},"auth_settings":[{"active_directory":[],"additional_login_params":null,"allowed_external_redirect_urls":null,"default_provider":null,"enabled":true,"facebook":[],"google":[],"issuer":null,"microsoft":[],"runtime_version":null,"token_refresh_extension_hours":72,"token_store_enabled":false,"twitter":[],"unauthenticated_client_action":null}],"backup":[],"client_affinity_enabled":false,"client_cert_enabled":true,"connection_string":[{"name":"Database","type":"SQLServer","value":"Server=some-server.mydomain.com;Integrated Security=SSPI"}],"enabled":true,"https_only":true,"identity":[{"identity_ids":null,"type":"SystemAssigned"}],"location":"westeurope","name":"example-app-service","resource_group_name":"example-resources","site_config":[{"always_on":false,"app_command_line":null,"auto_swap_slot_name":null,"default_documents":null,"dotnet_framework_version":"v4.0","health_check_path":null,"http2_enabled":false,"java_container":null,"java_container_version":null,"java_version":null,"min_tls_version":"1.2","php_version":null,"python_version":null,"remote_debugging_enabled":false,"scm_type":"LocalGit","scm_use_main_ip_restriction":false,"use_32_bit_worker_process":null}],"tags":null,"timeouts":null},"after_unknown":{"app_service_plan_id":true,"app_settings":{},"auth_settings":[{"active_directory":[],"facebook":[],"google":[],"microsoft":[],"twitter":[]}],"backup":[],"connection_string":[{}],"custom_domain_verification_id":true,"default_site_hostname":true,"id":true,"identity":[{"principal_id":true,"tenant_id":true}],"logs":true,"outbound_ip_address_list":true,"outbound_ip_addresses":true,"possible_outbound_ip_address_list":true,"possible_outbound_ip_addresses":true,"site_config":[{"cors":true,"ftps_state":true,"ip_restriction":true,"linux_fx_version":true,"local_mysql_enabled":true,"managed_pipeline_mode":true,"remote_debugging_version":true,"scm_ip_restriction":true,"websockets_enabled":true,"windows_fx_version":true}],"site_credential":true,"source_control":true,"storage_account":true}}},{"address":"azurerm_app_service_plan.example","mode":"managed","type":"azurerm_app_service_plan","name":"example","provider_name":"registry.terraform.io/hashicorp/azurerm","change":{"actions":["create"],"before":null,"after":{"app_service_environment_id":null,"is_xenon":null,"kind":"Windows","location":"westeurope","name":"example-appserviceplan","per_site_scaling":null,"reserved":null,"resource_group_name":"example-resources","sku":[{"size":"S1","tier":"Standard"}],"tags":null,"timeouts":null},"after_unknown":{"id":true,"maximum_elastic_worker_count":true,"maximum_number_of_workers":true,"sku":[{"capacity":true}]}}},{"address":"azurerm_resource_group.example","mode":"managed","type":"azurerm_resource_group","name":"example","provider_name":"registry.terraform.io/hashicorp/azurerm","change":{"actions":["create"],"before":null,"after":{"location":"westeurope","name":"example-resources","tags":null,"timeouts":null},"after_unknown":{"id":true}}}],"configuration":{"provider_config":{"azurerm":{"name":"azurerm","expressions":{"features":[{}]}}},"root_module":{"resources":[{"address":"azurerm_app_service.example","mode":"managed","type":"azurerm_app_service","name":"example","provider_config_key":"azurerm","expressions":{"app_service_plan_id":{"references":["azurerm_app_service_plan.example"]},"app_settings":{"constant_value":{"SOME_KEY":"some-value"}},"auth_settings":[{"enabled":{"constant_value":true}}],"client_cert_enabled":{"constant_value":true},"connection_string":[{"name":{"constant_value":"Database"},"type":{"constant_value":"SQLServer"},"value":{"constant_value":"Server=some-server.mydomain.com;Integrated Security=SSPI"}}],"https_only":{"constant_value":true},"identity":[{"type":{"constant_value":"SystemAssigned"}}],"location":{"references":["azurerm_resource_group.example"]},"name":{"constant_value":"example-app-service"},"resource_group_name":{"references":["azurerm_resource_group.example"]},"site_config":[{"dotnet_framework_version":{"constant_value":"v4.0"},"http2_enabled":{"constant_value":false},"min_tls_version":{"constant_value":"1.2"},"scm_type":{"constant_value":"LocalGit"}}]},"schema_version":0},{"address":"azurerm_app_service_plan.example","mode":"managed","type":"azurerm_app_service_plan","name":"example","provider_config_key":"azurerm","expressions":{"location":{"references":["azurerm_resource_group.example"]},"name":{"constant_value":"example-appserviceplan"},"resource_group_name":{"references":["azurerm_resource_group.example"]},"sku":[{"size":{"constant_value":"S1"},"tier":{"constant_value":"Standard"}}]},"schema_version":0},{"address":"azurerm_resource_group.example","mode":"managed","type":"azurerm_resource_group","name":"example","provider_config_key":"azurerm","expressions":{"location":{"constant_value":"West Europe"},"name":{"constant_value":"example-resources"}},"schema_version":0}]}}}
