{"format_version":"0.1","terraform_version":"0.13.0","planned_values":{"root_module":{"resources":[{"address":"aws_launch_configuration.as_conf","mode":"managed","type":"aws_launch_configuration","name":"as_conf","provider_name":"registry.terraform.io/hashicorp/aws","schema_version":0,"values":{"associate_public_ip_address":false,"ebs_block_device":[{"delete_on_termination":true,"device_name":"EBS Block Device","encrypted":true,"no_device":null,"snapshot_id":"false"}],"enable_monitoring":true,"ephemeral_block_device":[],"iam_instance_profile":null,"image_id":"ami-0430743863c514c80","instance_type":"t2.micro","name":"web_config","name_prefix":null,"placement_tenancy":null,"security_groups":null,"spot_price":null,"user_data":null,"user_data_base64":null,"vpc_classic_link_id":null,"vpc_classic_link_security_groups":null}}]}},"resource_changes":[{"address":"aws_launch_configuration.as_conf","mode":"managed","type":"aws_launch_configuration","name":"as_conf","provider_name":"registry.terraform.io/hashicorp/aws","change":{"actions":["create"],"before":null,"after":{"associate_public_ip_address":false,"ebs_block_device":[{"delete_on_termination":true,"device_name":"EBS Block Device","encrypted":true,"no_device":null,"snapshot_id":"false"}],"enable_monitoring":true,"ephemeral_block_device":[],"iam_instance_profile":null,"image_id":"ami-0430743863c514c80","instance_type":"t2.micro","name":"web_config","name_prefix":null,"placement_tenancy":null,"security_groups":null,"spot_price":null,"user_data":null,"user_data_base64":null,"vpc_classic_link_id":null,"vpc_classic_link_security_groups":null},"after_unknown":{"arn":true,"ebs_block_device":[{"iops":true,"volume_size":true,"volume_type":true}],"ebs_optimized":true,"ephemeral_block_device":[],"id":true,"key_name":true,"root_block_device":true}}}],"prior_state":{"format_version":"0.1","terraform_version":"0.13.0","values":{"root_module":{"resources":[{"address":"data.aws_ami.ubuntu","mode":"data","type":"aws_ami","name":"ubuntu","provider_name":"registry.terraform.io/hashicorp/aws","schema_version":0,"values":{"architecture":"x86_64","arn":"arn:aws:ec2:us-west-1::image/ami-0430743863c514c80","block_device_mappings":[{"device_name":"/dev/sda1","ebs":{"delete_on_termination":"true","encrypted":"false","iops":"0","snapshot_id":"snap-021dae9dae77824b6","volume_size":"8","volume_type":"gp2"},"no_device":"","virtual_name":""},{"device_name":"/dev/sdb","ebs":{},"no_device":"","virtual_name":"ephemeral0"},{"device_name":"/dev/sdc","ebs":{},"no_device":"","virtual_name":"ephemeral1"}],"creation_date":"2019-11-11T13:07:06.000Z","description":"Canonical, Ubuntu, 14.04 LTS, amd64 trusty image build on 2019-11-07","executable_users":null,"filter":[{"name":"name","values":["ubuntu/images/hvm-ssd/ubuntu-trusty-14.04-amd64-server-*"]},{"name":"virtualization-type","values":["hvm"]}],"hypervisor":"xen","id":"ami-0430743863c514c80","image_id":"ami-0430743863c514c80","image_location":"099720109477/ubuntu/images/hvm-ssd/ubuntu-trusty-14.04-amd64-server-20191107","image_owner_alias":null,"image_type":"machine","kernel_id":null,"most_recent":true,"name":"ubuntu/images/hvm-ssd/ubuntu-trusty-14.04-amd64-server-20191107","name_regex":null,"owner_id":"099720109477","owners":["099720109477"],"platform":null,"product_codes":[],"public":true,"ramdisk_id":null,"root_device_name":"/dev/sda1","root_device_type":"ebs","root_snapshot_id":"snap-021dae9dae77824b6","sriov_net_support":"simple","state":"available","state_reason":{"code":"UNSET","message":"UNSET"},"tags":{},"virtualization_type":"hvm"}}]}}},"configuration":{"root_module":{"resources":[{"address":"aws_launch_configuration.as_conf","mode":"managed","type":"aws_launch_configuration","name":"as_conf","provider_config_key":"aws","expressions":{"ebs_block_device":[{"device_name":{"constant_value":"EBS Block Device"},"encrypted":{"constant_value":true},"snapshot_id":{"constant_value":false}}],"image_id":{"references":["data.aws_ami.ubuntu"]},"instance_type":{"constant_value":"t2.micro"},"name":{"constant_value":"web_config"}},"schema_version":0},{"address":"data.aws_ami.ubuntu","mode":"data","type":"aws_ami","name":"ubuntu","provider_config_key":"aws","expressions":{"filter":[{"name":{"constant_value":"name"},"values":{"constant_value":["ubuntu/images/hvm-ssd/ubuntu-trusty-14.04-amd64-server-*"]}},{"name":{"constant_value":"virtualization-type"},"values":{"constant_value":["hvm"]}}],"most_recent":{"constant_value":true},"owners":{"constant_value":["099720109477"]}},"schema_version":0}]}}}
