{"format_version":"0.1","terraform_version":"0.13.5","planned_values":{"root_module":{"resources":[{"address":"azurerm_mariadb_firewall_rule.example","mode":"managed","type":"azurerm_mariadb_firewall_rule","name":"example","provider_name":"registry.terraform.io/hashicorp/azurerm","schema_version":0,"values":{"end_ip_address":"40.112.8.12","name":"test-rule","resource_group_name":"test-rg","server_name":"test-server","start_ip_address":"0.0.0.0","timeouts":null}},{"address":"azurerm_mysql_firewall_rule.example","mode":"managed","type":"azurerm_mysql_firewall_rule","name":"example","provider_name":"registry.terraform.io/hashicorp/azurerm","schema_version":0,"values":{"end_ip_address":"40.112.8.12","name":"office","resource_group_name":"acceptanceTestResourceGroup1","server_name":"example-mysqlserver","start_ip_address":"0.0.0.0","timeouts":null}},{"address":"azurerm_mysql_server.example","mode":"managed","type":"azurerm_mysql_server","name":"example","provider_name":"registry.terraform.io/hashicorp/azurerm","schema_version":0,"values":{"administrator_login":"mysqladminun","administrator_login_password":"H@Sh1CoR3!","auto_grow_enabled":true,"backup_retention_days":7,"create_mode":"Default","creation_source_server_id":null,"geo_redundant_backup_enabled":false,"identity":[],"infrastructure_encryption_enabled":false,"location":"westus","name":"example-mysqlserver","public_network_access_enabled":true,"resource_group_name":"acceptanceTestResourceGroup1","restore_point_in_time":null,"sku_name":"B_Gen5_2","ssl_enforcement_enabled":true,"ssl_minimal_tls_version_enforced":"TLS1_2","storage_mb":5120,"tags":null,"threat_detection_policy":[],"timeouts":null,"version":"5.7"}},{"address":"azurerm_postgresql_firewall_rule.example","mode":"managed","type":"azurerm_postgresql_firewall_rule","name":"example","provider_name":"registry.terraform.io/hashicorp/azurerm","schema_version":0,"values":{"end_ip_address":"40.112.8.12","name":"office","resource_group_name":"acceptanceTestResourceGroup1","server_name":"example-psqlserver","start_ip_address":"0.0.0.0","timeouts":null}},{"address":"azurerm_postgresql_server.example","mode":"managed","type":"azurerm_postgresql_server","name":"example","provider_name":"registry.terraform.io/hashicorp/azurerm","schema_version":0,"values":{"administrator_login":"psqladminun","administrator_login_password":"H@Sh1CoR3!","auto_grow_enabled":true,"backup_retention_days":7,"create_mode":"Default","creation_source_server_id":null,"geo_redundant_backup_enabled":true,"identity":[],"infrastructure_encryption_enabled":null,"location":"westus","name":"example-psqlserver","public_network_access_enabled":false,"resource_group_name":"acceptanceTestResourceGroup1","restore_point_in_time":null,"sku_name":"GP_Gen5_4","ssl_enforcement_enabled":true,"ssl_minimal_tls_version_enforced":"TLS1_2","storage_mb":640000,"tags":null,"threat_detection_policy":[],"timeouts":null,"version":"9.6"}},{"address":"azurerm_resource_group.example","mode":"managed","type":"azurerm_resource_group","name":"example","provider_name":"registry.terraform.io/hashicorp/azurerm","schema_version":0,"values":{"location":"westus","name":"acceptanceTestResourceGroup1","tags":null,"timeouts":null}},{"address":"azurerm_sql_firewall_rule.example","mode":"managed","type":"azurerm_sql_firewall_rule","name":"example","provider_name":"registry.terraform.io/hashicorp/azurerm","schema_version":0,"values":{"end_ip_address":"10.0.17.62","name":"FirewallRule1","resource_group_name":"acceptanceTestResourceGroup1","server_name":"mysqlserver","start_ip_address":"0.0.0.0","timeouts":null}},{"address":"azurerm_sql_server.example","mode":"managed","type":"azurerm_sql_server","name":"example","provider_name":"registry.terraform.io/hashicorp/azurerm","schema_version":0,"values":{"administrator_login":"4dm1n157r470r","administrator_login_password":"4-v3ry-53cr37-p455w0rd","connection_policy":"Default","identity":[],"location":"westus","name":"mysqlserver","resource_group_name":"acceptanceTestResourceGroup1","tags":null,"timeouts":null,"version":"12.0"}}]}},"resource_changes":[{"address":"azurerm_mariadb_firewall_rule.example","mode":"managed","type":"azurerm_mariadb_firewall_rule","name":"example","provider_name":"registry.terraform.io/hashicorp/azurerm","change":{"actions":["create"],"before":null,"after":{"end_ip_address":"40.112.8.12","name":"test-rule","resource_group_name":"test-rg","server_name":"test-server","start_ip_address":"0.0.0.0","timeouts":null},"after_unknown":{"id":true}}},{"address":"azurerm_mysql_firewall_rule.example","mode":"managed","type":"azurerm_mysql_firewall_rule","name":"example","provider_name":"registry.terraform.io/hashicorp/azurerm","change":{"actions":["create"],"before":null,"after":{"end_ip_address":"40.112.8.12","name":"office","resource_group_name":"acceptanceTestResourceGroup1","server_name":"example-mysqlserver","start_ip_address":"0.0.0.0","timeouts":null},"after_unknown":{"id":true}}},{"address":"azurerm_mysql_server.example","mode":"managed","type":"azurerm_mysql_server","name":"example","provider_name":"registry.terraform.io/hashicorp/azurerm","change":{"actions":["create"],"before":null,"after":{"administrator_login":"mysqladminun","administrator_login_password":"H@Sh1CoR3!","auto_grow_enabled":true,"backup_retention_days":7,"create_mode":"Default","creation_source_server_id":null,"geo_redundant_backup_enabled":false,"identity":[],"infrastructure_encryption_enabled":false,"location":"westus","name":"example-mysqlserver","public_network_access_enabled":true,"resource_group_name":"acceptanceTestResourceGroup1","restore_point_in_time":null,"sku_name":"B_Gen5_2","ssl_enforcement_enabled":true,"ssl_minimal_tls_version_enforced":"TLS1_2","storage_mb":5120,"tags":null,"threat_detection_policy":[],"timeouts":null,"version":"5.7"},"after_unknown":{"fqdn":true,"id":true,"identity":[],"ssl_enforcement":true,"storage_profile":true,"threat_detection_policy":[]}}},{"address":"azurerm_postgresql_firewall_rule.example","mode":"managed","type":"azurerm_postgresql_firewall_rule","name":"example","provider_name":"registry.terraform.io/hashicorp/azurerm","change":{"actions":["create"],"before":null,"after":{"end_ip_address":"40.112.8.12","name":"office","resource_group_name":"acceptanceTestResourceGroup1","server_name":"example-psqlserver","start_ip_address":"0.0.0.0","timeouts":null},"after_unknown":{"id":true}}},{"address":"azurerm_postgresql_server.example","mode":"managed","type":"azurerm_postgresql_server","name":"example","provider_name":"registry.terraform.io/hashicorp/azurerm","change":{"actions":["create"],"before":null,"after":{"administrator_login":"psqladminun","administrator_login_password":"H@Sh1CoR3!","auto_grow_enabled":true,"backup_retention_days":7,"create_mode":"Default","creation_source_server_id":null,"geo_redundant_backup_enabled":true,"identity":[],"infrastructure_encryption_enabled":null,"location":"westus","name":"example-psqlserver","public_network_access_enabled":false,"resource_group_name":"acceptanceTestResourceGroup1","restore_point_in_time":null,"sku_name":"GP_Gen5_4","ssl_enforcement_enabled":true,"ssl_minimal_tls_version_enforced":"TLS1_2","storage_mb":640000,"tags":null,"threat_detection_policy":[],"timeouts":null,"version":"9.6"},"after_unknown":{"fqdn":true,"id":true,"identity":[],"ssl_enforcement":true,"storage_profile":true,"threat_detection_policy":[]}}},{"address":"azurerm_resource_group.example","mode":"managed","type":"azurerm_resource_group","name":"example","provider_name":"registry.terraform.io/hashicorp/azurerm","change":{"actions":["create"],"before":null,"after":{"location":"westus","name":"acceptanceTestResourceGroup1","tags":null,"timeouts":null},"after_unknown":{"id":true}}},{"address":"azurerm_sql_firewall_rule.example","mode":"managed","type":"azurerm_sql_firewall_rule","name":"example","provider_name":"registry.terraform.io/hashicorp/azurerm","change":{"actions":["create"],"before":null,"after":{"end_ip_address":"10.0.17.62","name":"FirewallRule1","resource_group_name":"acceptanceTestResourceGroup1","server_name":"mysqlserver","start_ip_address":"0.0.0.0","timeouts":null},"after_unknown":{"id":true}}},{"address":"azurerm_sql_server.example","mode":"managed","type":"azurerm_sql_server","name":"example","provider_name":"registry.terraform.io/hashicorp/azurerm","change":{"actions":["create"],"before":null,"after":{"administrator_login":"4dm1n157r470r","administrator_login_password":"4-v3ry-53cr37-p455w0rd","connection_policy":"Default","identity":[],"location":"westus","name":"mysqlserver","resource_group_name":"acceptanceTestResourceGroup1","tags":null,"timeouts":null,"version":"12.0"},"after_unknown":{"extended_auditing_policy":true,"fully_qualified_domain_name":true,"id":true,"identity":[]}}}],"configuration":{"provider_config":{"azurerm":{"name":"azurerm","expressions":{"features":[{}]}}},"root_module":{"resources":[{"address":"azurerm_mariadb_firewall_rule.example","mode":"managed","type":"azurerm_mariadb_firewall_rule","name":"example","provider_config_key":"azurerm","expressions":{"end_ip_address":{"constant_value":"40.112.8.12"},"name":{"constant_value":"test-rule"},"resource_group_name":{"constant_value":"test-rg"},"server_name":{"constant_value":"test-server"},"start_ip_address":{"constant_value":"0.0.0.0"}},"schema_version":0},{"address":"azurerm_mysql_firewall_rule.example","mode":"managed","type":"azurerm_mysql_firewall_rule","name":"example","provider_config_key":"azurerm","expressions":{"end_ip_address":{"constant_value":"40.112.8.12"},"name":{"constant_value":"office"},"resource_group_name":{"references":["azurerm_resource_group.example"]},"server_name":{"references":["azurerm_mysql_server.example"]},"start_ip_address":{"constant_value":"0.0.0.0"}},"schema_version":0},{"address":"azurerm_mysql_server.example","mode":"managed","type":"azurerm_mysql_server","name":"example","provider_config_key":"azurerm","expressions":{"administrator_login":{"constant_value":"mysqladminun"},"administrator_login_password":{"constant_value":"H@Sh1CoR3!"},"auto_grow_enabled":{"constant_value":true},"backup_retention_days":{"constant_value":7},"geo_redundant_backup_enabled":{"constant_value":false},"infrastructure_encryption_enabled":{"constant_value":false},"location":{"references":["azurerm_resource_group.example"]},"name":{"constant_value":"example-mysqlserver"},"public_network_access_enabled":{"constant_value":true},"resource_group_name":{"references":["azurerm_resource_group.example"]},"sku_name":{"constant_value":"B_Gen5_2"},"ssl_enforcement_enabled":{"constant_value":true},"ssl_minimal_tls_version_enforced":{"constant_value":"TLS1_2"},"storage_mb":{"constant_value":5120},"version":{"constant_value":"5.7"}},"schema_version":0},{"address":"azurerm_postgresql_firewall_rule.example","mode":"managed","type":"azurerm_postgresql_firewall_rule","name":"example","provider_config_key":"azurerm","expressions":{"end_ip_address":{"constant_value":"40.112.8.12"},"name":{"constant_value":"office"},"resource_group_name":{"references":["azurerm_resource_group.example"]},"server_name":{"references":["azurerm_postgresql_server.example"]},"start_ip_address":{"constant_value":"0.0.0.0"}},"schema_version":0},{"address":"azurerm_postgresql_server.example","mode":"managed","type":"azurerm_postgresql_server","name":"example","provider_config_key":"azurerm","expressions":{"administrator_login":{"constant_value":"psqladminun"},"administrator_login_password":{"constant_value":"H@Sh1CoR3!"},"auto_grow_enabled":{"constant_value":true},"backup_retention_days":{"constant_value":7},"geo_redundant_backup_enabled":{"constant_value":true},"location":{"references":["azurerm_resource_group.example"]},"name":{"constant_value":"example-psqlserver"},"public_network_access_enabled":{"constant_value":false},"resource_group_name":{"references":["azurerm_resource_group.example"]},"sku_name":{"constant_value":"GP_Gen5_4"},"ssl_enforcement_enabled":{"constant_value":true},"ssl_minimal_tls_version_enforced":{"constant_value":"TLS1_2"},"storage_mb":{"constant_value":640000},"version":{"constant_value":"9.6"}},"schema_version":0},{"address":"azurerm_resource_group.example","mode":"managed","type":"azurerm_resource_group","name":"example","provider_config_key":"azurerm","expressions":{"location":{"constant_value":"West US"},"name":{"constant_value":"acceptanceTestResourceGroup1"}},"schema_version":0},{"address":"azurerm_sql_firewall_rule.example","mode":"managed","type":"azurerm_sql_firewall_rule","name":"example","provider_config_key":"azurerm","expressions":{"end_ip_address":{"constant_value":"10.0.17.62"},"name":{"constant_value":"FirewallRule1"},"resource_group_name":{"references":["azurerm_resource_group.example"]},"server_name":{"references":["azurerm_sql_server.example"]},"start_ip_address":{"constant_value":"0.0.0.0"}},"schema_version":0},{"address":"azurerm_sql_server.example","mode":"managed","type":"azurerm_sql_server","name":"example","provider_config_key":"azurerm","expressions":{"administrator_login":{"constant_value":"4dm1n157r470r"},"administrator_login_password":{"constant_value":"4-v3ry-53cr37-p455w0rd"},"location":{"constant_value":"West US"},"name":{"constant_value":"mysqlserver"},"resource_group_name":{"references":["azurerm_resource_group.example"]},"version":{"constant_value":"12.0"}},"schema_version":0}]}}}
