{"format_version":"0.1","terraform_version":"0.13.0","planned_values":{"root_module":{"resources":[{"address":"aws_efs_file_system.foo","mode":"managed","type":"aws_efs_file_system","name":"foo","provider_name":"registry.terraform.io/hashicorp/aws","schema_version":0,"values":{"creation_token":"my-product","encrypted":true,"lifecycle_policy":[],"provisioned_throughput_in_mibps":null,"tags":{"Name":"MyProduct"},"throughput_mode":"bursting"}}]}},"resource_changes":[{"address":"aws_efs_file_system.foo","mode":"managed","type":"aws_efs_file_system","name":"foo","provider_name":"registry.terraform.io/hashicorp/aws","change":{"actions":["create"],"before":null,"after":{"creation_token":"my-product","encrypted":true,"lifecycle_policy":[],"provisioned_throughput_in_mibps":null,"tags":{"Name":"MyProduct"},"throughput_mode":"bursting"},"after_unknown":{"arn":true,"dns_name":true,"id":true,"kms_key_id":true,"lifecycle_policy":[],"performance_mode":true,"tags":{}}}}],"configuration":{"root_module":{"resources":[{"address":"aws_efs_file_system.foo","mode":"managed","type":"aws_efs_file_system","name":"foo","provider_config_key":"aws","expressions":{"creation_token":{"constant_value":"my-product"},"encrypted":{"constant_value":true},"tags":{"constant_value":{"Name":"MyProduct"}}},"schema_version":0}]}}}
