{"format_version":"0.1","terraform_version":"0.13.0","planned_values":{"root_module":{"resources":[{"address":"aws_cloudtrail.foobar","mode":"managed","type":"aws_cloudtrail","name":"foobar","provider_name":"registry.terraform.io/hashicorp/aws","schema_version":0,"values":{"cloud_watch_logs_group_arn":null,"cloud_watch_logs_role_arn":null,"enable_log_file_validation":true,"enable_logging":true,"event_selector":[],"include_global_service_events":false,"insight_selector":[],"is_multi_region_trail":false,"is_organization_trail":false,"name":"tf-trail-foobar","s3_key_prefix":"prefix","sns_topic_name":null,"tags":null}},{"address":"aws_kms_key.a","mode":"managed","type":"aws_kms_key","name":"a","provider_name":"registry.terraform.io/hashicorp/aws","schema_version":0,"values":{"customer_master_key_spec":"SYMMETRIC_DEFAULT","deletion_window_in_days":10,"description":"KMS key 1","enable_key_rotation":false,"is_enabled":true,"key_usage":"ENCRYPT_DECRYPT","tags":null}},{"address":"aws_s3_bucket.foo","mode":"managed","type":"aws_s3_bucket","name":"foo","provider_name":"registry.terraform.io/hashicorp/aws","schema_version":0,"values":{"acl":"private","bucket":"tf-test-trail","bucket_prefix":null,"cors_rule":[],"force_destroy":true,"grant":[],"lifecycle_rule":[],"logging":[],"object_lock_configuration":[],"policy":"{\n    \"Version\": \"2012-10-17\",\n    \"Statement\": [\n        {\n            \"Sid\": \"AWSCloudTrailAclCheck\",\n            \"Effect\": \"Allow\",\n            \"Principal\": {\n              \"Service\": \"cloudtrail.amazonaws.com\"\n            },\n            \"Action\": \"s3:GetBucketAcl\",\n            \"Resource\": \"arn:aws:s3:::tf-test-trail\"\n        },\n        {\n            \"Sid\": \"AWSCloudTrailWrite\",\n            \"Effect\": \"Allow\",\n            \"Principal\": {\n              \"Service\": \"cloudtrail.amazonaws.com\"\n            },\n            \"Action\": \"s3:PutObject\",\n            \"Resource\": \"arn:aws:s3:::tf-test-trail/prefix/AWSLogs/704778554736/*\",\n            \"Condition\": {\n                \"StringEquals\": {\n                    \"s3:x-amz-acl\": \"bucket-owner-full-control\"\n                }\n            }\n        }\n    ]\n}\n","replication_configuration":[],"server_side_encryption_configuration":[],"tags":null,"website":[]}}]}},"resource_changes":[{"address":"aws_cloudtrail.foobar","mode":"managed","type":"aws_cloudtrail","name":"foobar","provider_name":"registry.terraform.io/hashicorp/aws","change":{"actions":["create"],"before":null,"after":{"cloud_watch_logs_group_arn":null,"cloud_watch_logs_role_arn":null,"enable_log_file_validation":true,"enable_logging":true,"event_selector":[],"include_global_service_events":false,"insight_selector":[],"is_multi_region_trail":false,"is_organization_trail":false,"name":"tf-trail-foobar","s3_key_prefix":"prefix","sns_topic_name":null,"tags":null},"after_unknown":{"arn":true,"event_selector":[],"home_region":true,"id":true,"insight_selector":[],"kms_key_id":true,"s3_bucket_name":true}}},{"address":"aws_kms_key.a","mode":"managed","type":"aws_kms_key","name":"a","provider_name":"registry.terraform.io/hashicorp/aws","change":{"actions":["create"],"before":null,"after":{"customer_master_key_spec":"SYMMETRIC_DEFAULT","deletion_window_in_days":10,"description":"KMS key 1","enable_key_rotation":false,"is_enabled":true,"key_usage":"ENCRYPT_DECRYPT","tags":null},"after_unknown":{"arn":true,"id":true,"key_id":true,"policy":true}}},{"address":"aws_s3_bucket.foo","mode":"managed","type":"aws_s3_bucket","name":"foo","provider_name":"registry.terraform.io/hashicorp/aws","change":{"actions":["create"],"before":null,"after":{"acl":"private","bucket":"tf-test-trail","bucket_prefix":null,"cors_rule":[],"force_destroy":true,"grant":[],"lifecycle_rule":[],"logging":[],"object_lock_configuration":[],"policy":"{\n    \"Version\": \"2012-10-17\",\n    \"Statement\": [\n        {\n            \"Sid\": \"AWSCloudTrailAclCheck\",\n            \"Effect\": \"Allow\",\n            \"Principal\": {\n              \"Service\": \"cloudtrail.amazonaws.com\"\n            },\n            \"Action\": \"s3:GetBucketAcl\",\n            \"Resource\": \"arn:aws:s3:::tf-test-trail\"\n        },\n        {\n            \"Sid\": \"AWSCloudTrailWrite\",\n            \"Effect\": \"Allow\",\n            \"Principal\": {\n              \"Service\": \"cloudtrail.amazonaws.com\"\n            },\n            \"Action\": \"s3:PutObject\",\n            \"Resource\": \"arn:aws:s3:::tf-test-trail/prefix/AWSLogs/704778554736/*\",\n            \"Condition\": {\n                \"StringEquals\": {\n                    \"s3:x-amz-acl\": \"bucket-owner-full-control\"\n                }\n            }\n        }\n    ]\n}\n","replication_configuration":[],"server_side_encryption_configuration":[],"tags":null,"website":[]},"after_unknown":{"acceleration_status":true,"arn":true,"bucket_domain_name":true,"bucket_regional_domain_name":true,"cors_rule":[],"grant":[],"hosted_zone_id":true,"id":true,"lifecycle_rule":[],"logging":[],"object_lock_configuration":[],"region":true,"replication_configuration":[],"request_payer":true,"server_side_encryption_configuration":[],"versioning":true,"website":[],"website_domain":true,"website_endpoint":true}}}],"prior_state":{"format_version":"0.1","terraform_version":"0.13.0","values":{"root_module":{"resources":[{"address":"data.aws_caller_identity.current","mode":"data","type":"aws_caller_identity","name":"current","provider_name":"registry.terraform.io/hashicorp/aws","schema_version":0,"values":{"account_id":"704778554736","arn":"arn:aws:iam::704778554736:user/kaan","id":"704778554736","user_id":"AIDA2IGATJVYICKFH7LPE"}}]}}},"configuration":{"root_module":{"resources":[{"address":"aws_cloudtrail.foobar","mode":"managed","type":"aws_cloudtrail","name":"foobar","provider_config_key":"aws","expressions":{"enable_log_file_validation":{"constant_value":true},"include_global_service_events":{"constant_value":false},"kms_key_id":{"references":["aws_kms_key.a"]},"name":{"constant_value":"tf-trail-foobar"},"s3_bucket_name":{"references":["aws_s3_bucket.foo"]},"s3_key_prefix":{"constant_value":"prefix"}},"schema_version":0},{"address":"aws_kms_key.a","mode":"managed","type":"aws_kms_key","name":"a","provider_config_key":"aws","expressions":{"deletion_window_in_days":{"constant_value":10},"description":{"constant_value":"KMS key 1"}},"schema_version":0},{"address":"aws_s3_bucket.foo","mode":"managed","type":"aws_s3_bucket","name":"foo","provider_config_key":"aws","expressions":{"bucket":{"constant_value":"tf-test-trail"},"force_destroy":{"constant_value":true},"policy":{"references":["data.aws_caller_identity.current"]}},"schema_version":0},{"address":"data.aws_caller_identity.current","mode":"data","type":"aws_caller_identity","name":"current","provider_config_key":"aws","schema_version":0}]}}}
