{"format_version":"0.1","terraform_version":"0.13.5","planned_values":{"root_module":{"resources":[{"address":"azurerm_mssql_server_security_alert_policy.example","mode":"managed","type":"azurerm_mssql_server_security_alert_policy","name":"example","provider_name":"registry.terraform.io/hashicorp/azurerm","schema_version":0,"values":{"disabled_alerts":null,"email_account_admins":false,"email_addresses":["abc@gmail.com"],"resource_group_name":"acceptanceTestResourceGroup1","retention_days":20,"server_name":"mysqlserver","state":"Enabled","timeouts":null}},{"address":"azurerm_resource_group.example","mode":"managed","type":"azurerm_resource_group","name":"example","provider_name":"registry.terraform.io/hashicorp/azurerm","schema_version":0,"values":{"location":"westus","name":"acceptanceTestResourceGroup1","tags":null,"timeouts":null}},{"address":"azurerm_sql_server.example","mode":"managed","type":"azurerm_sql_server","name":"example","provider_name":"registry.terraform.io/hashicorp/azurerm","schema_version":0,"values":{"administrator_login":"4dm1n157r470r","administrator_login_password":"4-v3ry-53cr37-p455w0rd","connection_policy":"Default","identity":[],"location":"westus","name":"mysqlserver","resource_group_name":"acceptanceTestResourceGroup1","tags":null,"timeouts":null,"version":"12.0"}},{"address":"azurerm_storage_account.example","mode":"managed","type":"azurerm_storage_account","name":"example","provider_name":"registry.terraform.io/hashicorp/azurerm","schema_version":2,"values":{"account_kind":"StorageV2","account_replication_type":"GRS","account_tier":"Standard","allow_blob_public_access":false,"custom_domain":[],"enable_https_traffic_only":true,"is_hns_enabled":false,"location":"westus","min_tls_version":"TLS1_0","name":"accteststorageaccount","resource_group_name":"acceptanceTestResourceGroup1","static_website":[],"tags":null,"timeouts":null}}]}},"resource_changes":[{"address":"azurerm_mssql_server_security_alert_policy.example","mode":"managed","type":"azurerm_mssql_server_security_alert_policy","name":"example","provider_name":"registry.terraform.io/hashicorp/azurerm","change":{"actions":["create"],"before":null,"after":{"disabled_alerts":null,"email_account_admins":false,"email_addresses":["abc@gmail.com"],"resource_group_name":"acceptanceTestResourceGroup1","retention_days":20,"server_name":"mysqlserver","state":"Enabled","timeouts":null},"after_unknown":{"email_addresses":[false],"id":true,"storage_account_access_key":true,"storage_endpoint":true}}},{"address":"azurerm_resource_group.example","mode":"managed","type":"azurerm_resource_group","name":"example","provider_name":"registry.terraform.io/hashicorp/azurerm","change":{"actions":["create"],"before":null,"after":{"location":"westus","name":"acceptanceTestResourceGroup1","tags":null,"timeouts":null},"after_unknown":{"id":true}}},{"address":"azurerm_sql_server.example","mode":"managed","type":"azurerm_sql_server","name":"example","provider_name":"registry.terraform.io/hashicorp/azurerm","change":{"actions":["create"],"before":null,"after":{"administrator_login":"4dm1n157r470r","administrator_login_password":"4-v3ry-53cr37-p455w0rd","connection_policy":"Default","identity":[],"location":"westus","name":"mysqlserver","resource_group_name":"acceptanceTestResourceGroup1","tags":null,"timeouts":null,"version":"12.0"},"after_unknown":{"extended_auditing_policy":true,"fully_qualified_domain_name":true,"id":true,"identity":[]}}},{"address":"azurerm_storage_account.example","mode":"managed","type":"azurerm_storage_account","name":"example","provider_name":"registry.terraform.io/hashicorp/azurerm","change":{"actions":["create"],"before":null,"after":{"account_kind":"StorageV2","account_replication_type":"GRS","account_tier":"Standard","allow_blob_public_access":false,"custom_domain":[],"enable_https_traffic_only":true,"is_hns_enabled":false,"location":"westus","min_tls_version":"TLS1_0","name":"accteststorageaccount","resource_group_name":"acceptanceTestResourceGroup1","static_website":[],"tags":null,"timeouts":null},"after_unknown":{"access_tier":true,"blob_properties":true,"custom_domain":[],"id":true,"identity":true,"large_file_share_enabled":true,"network_rules":true,"primary_access_key":true,"primary_blob_connection_string":true,"primary_blob_endpoint":true,"primary_blob_host":true,"primary_connection_string":true,"primary_dfs_endpoint":true,"primary_dfs_host":true,"primary_file_endpoint":true,"primary_file_host":true,"primary_location":true,"primary_queue_endpoint":true,"primary_queue_host":true,"primary_table_endpoint":true,"primary_table_host":true,"primary_web_endpoint":true,"primary_web_host":true,"queue_properties":true,"secondary_access_key":true,"secondary_blob_connection_string":true,"secondary_blob_endpoint":true,"secondary_blob_host":true,"secondary_connection_string":true,"secondary_dfs_endpoint":true,"secondary_dfs_host":true,"secondary_file_endpoint":true,"secondary_file_host":true,"secondary_location":true,"secondary_queue_endpoint":true,"secondary_queue_host":true,"secondary_table_endpoint":true,"secondary_table_host":true,"secondary_web_endpoint":true,"secondary_web_host":true,"static_website":[]}}}],"configuration":{"provider_config":{"azurerm":{"name":"azurerm","expressions":{"features":[{}]}}},"root_module":{"resources":[{"address":"azurerm_mssql_server_security_alert_policy.example","mode":"managed","type":"azurerm_mssql_server_security_alert_policy","name":"example","provider_config_key":"azurerm","expressions":{"email_addresses":{"constant_value":["abc@gmail.com"]},"resource_group_name":{"references":["azurerm_resource_group.example"]},"retention_days":{"constant_value":20},"server_name":{"references":["azurerm_sql_server.example"]},"state":{"constant_value":"Enabled"},"storage_account_access_key":{"references":["azurerm_storage_account.example"]},"storage_endpoint":{"references":["azurerm_storage_account.example"]}},"schema_version":0},{"address":"azurerm_resource_group.example","mode":"managed","type":"azurerm_resource_group","name":"example","provider_config_key":"azurerm","expressions":{"location":{"constant_value":"West US"},"name":{"constant_value":"acceptanceTestResourceGroup1"}},"schema_version":0},{"address":"azurerm_sql_server.example","mode":"managed","type":"azurerm_sql_server","name":"example","provider_config_key":"azurerm","expressions":{"administrator_login":{"constant_value":"4dm1n157r470r"},"administrator_login_password":{"constant_value":"4-v3ry-53cr37-p455w0rd"},"location":{"references":["azurerm_resource_group.example"]},"name":{"constant_value":"mysqlserver"},"resource_group_name":{"references":["azurerm_resource_group.example"]},"version":{"constant_value":"12.0"}},"schema_version":0},{"address":"azurerm_storage_account.example","mode":"managed","type":"azurerm_storage_account","name":"example","provider_config_key":"azurerm","expressions":{"account_replication_type":{"constant_value":"GRS"},"account_tier":{"constant_value":"Standard"},"location":{"references":["azurerm_resource_group.example"]},"name":{"constant_value":"accteststorageaccount"},"resource_group_name":{"references":["azurerm_resource_group.example"]}},"schema_version":2}]}}}
