{"format_version":"0.1","terraform_version":"0.13.0","planned_values":{"root_module":{"resources":[{"address":"aws_instance.web","mode":"managed","type":"aws_instance","name":"web","provider_name":"registry.terraform.io/hashicorp/aws","schema_version":1,"values":{"ami":"ami-07dd19a7900a1f049","credit_specification":[],"disable_api_termination":null,"ebs_block_device":[{"delete_on_termination":true,"device_name":"EBS Block Device","encrypted":false,"snapshot_id":"false"}],"ebs_optimized":null,"get_password_data":false,"hibernation":null,"iam_instance_profile":null,"instance_initiated_shutdown_behavior":null,"instance_type":"t3.micro","monitoring":null,"source_dest_check":true,"tags":{"Name":"HelloWorld"},"timeouts":null,"user_data":null,"user_data_base64":null}}]}},"resource_changes":[{"address":"aws_instance.web","mode":"managed","type":"aws_instance","name":"web","provider_name":"registry.terraform.io/hashicorp/aws","change":{"actions":["create"],"before":null,"after":{"ami":"ami-07dd19a7900a1f049","credit_specification":[],"disable_api_termination":null,"ebs_block_device":[{"delete_on_termination":true,"device_name":"EBS Block Device","encrypted":false,"snapshot_id":"false"}],"ebs_optimized":null,"get_password_data":false,"hibernation":null,"iam_instance_profile":null,"instance_initiated_shutdown_behavior":null,"instance_type":"t3.micro","monitoring":null,"source_dest_check":true,"tags":{"Name":"HelloWorld"},"timeouts":null,"user_data":null,"user_data_base64":null},"after_unknown":{"arn":true,"associate_public_ip_address":true,"availability_zone":true,"cpu_core_count":true,"cpu_threads_per_core":true,"credit_specification":[],"ebs_block_device":[{"iops":true,"kms_key_id":true,"volume_id":true,"volume_size":true,"volume_type":true}],"ephemeral_block_device":true,"host_id":true,"id":true,"instance_state":true,"ipv6_address_count":true,"ipv6_addresses":true,"key_name":true,"metadata_options":true,"network_interface":true,"outpost_arn":true,"password_data":true,"placement_group":true,"primary_network_interface_id":true,"private_dns":true,"private_ip":true,"public_dns":true,"public_ip":true,"root_block_device":true,"secondary_private_ips":true,"security_groups":true,"subnet_id":true,"tags":{},"tenancy":true,"volume_tags":true,"vpc_security_group_ids":true}}}],"prior_state":{"format_version":"0.1","terraform_version":"0.13.0","values":{"root_module":{"resources":[{"address":"data.aws_ami.ubuntu","mode":"data","type":"aws_ami","name":"ubuntu","provider_name":"registry.terraform.io/hashicorp/aws","schema_version":0,"values":{"architecture":"x86_64","arn":"arn:aws:ec2:us-west-2::image/ami-07dd19a7900a1f049","block_device_mappings":[{"device_name":"/dev/sda1","ebs":{"delete_on_termination":"true","encrypted":"false","iops":"0","snapshot_id":"snap-0ec1b1f4a87b3b65a","volume_size":"8","volume_type":"gp2"},"no_device":"","virtual_name":""},{"device_name":"/dev/sdb","ebs":{},"no_device":"","virtual_name":"ephemeral0"},{"device_name":"/dev/sdc","ebs":{},"no_device":"","virtual_name":"ephemeral1"}],"creation_date":"2020-10-27T01:02:27.000Z","description":"Canonical, Ubuntu, 20.04 LTS, amd64 focal image build on 2020-10-26","executable_users":null,"filter":[{"name":"name","values":["ubuntu/images/hvm-ssd/ubuntu-focal-20.04-amd64-server-*"]},{"name":"virtualization-type","values":["hvm"]}],"hypervisor":"xen","id":"ami-07dd19a7900a1f049","image_id":"ami-07dd19a7900a1f049","image_location":"099720109477/ubuntu/images/hvm-ssd/ubuntu-focal-20.04-amd64-server-20201026","image_owner_alias":null,"image_type":"machine","kernel_id":null,"most_recent":true,"name":"ubuntu/images/hvm-ssd/ubuntu-focal-20.04-amd64-server-20201026","name_regex":null,"owner_id":"099720109477","owners":["099720109477"],"platform":null,"product_codes":[],"public":true,"ramdisk_id":null,"root_device_name":"/dev/sda1","root_device_type":"ebs","root_snapshot_id":"snap-0ec1b1f4a87b3b65a","sriov_net_support":"simple","state":"available","state_reason":{"code":"UNSET","message":"UNSET"},"tags":{},"virtualization_type":"hvm"}}]}}},"configuration":{"provider_config":{"aws":{"name":"aws","expressions":{"region":{"constant_value":"us-west-2"}}}},"root_module":{"resources":[{"address":"aws_instance.web","mode":"managed","type":"aws_instance","name":"web","provider_config_key":"aws","expressions":{"ami":{"references":["data.aws_ami.ubuntu"]},"ebs_block_device":[{"device_name":{"constant_value":"EBS Block Device"},"encrypted":{"constant_value":false},"snapshot_id":{"constant_value":false}}],"instance_type":{"constant_value":"t3.micro"},"tags":{"constant_value":{"Name":"HelloWorld"}}},"schema_version":1},{"address":"data.aws_ami.ubuntu","mode":"data","type":"aws_ami","name":"ubuntu","provider_config_key":"aws","expressions":{"filter":[{"name":{"constant_value":"name"},"values":{"constant_value":["ubuntu/images/hvm-ssd/ubuntu-focal-20.04-amd64-server-*"]}},{"name":{"constant_value":"virtualization-type"},"values":{"constant_value":["hvm"]}}],"most_recent":{"constant_value":true},"owners":{"constant_value":["099720109477"]}},"schema_version":0}]}}}
