{"format_version":"0.1","terraform_version":"0.13.0","planned_values":{"root_module":{"resources":[{"address":"aws_rds_cluster.default","mode":"managed","type":"aws_rds_cluster","name":"default","provider_name":"registry.terraform.io/hashicorp/aws","schema_version":0,"values":{"allow_major_version_upgrade":null,"availability_zones":["us-west-2a","us-west-2b","us-west-2c"],"backtrack_window":null,"backup_retention_period":1,"cluster_identifier":"aurora-cluster-demo","copy_tags_to_snapshot":false,"database_name":"mydb","deletion_protection":null,"enable_http_endpoint":false,"enabled_cloudwatch_logs_exports":null,"engine":"aurora","engine_mode":"provisioned","final_snapshot_identifier":null,"global_cluster_identifier":null,"iam_database_authentication_enabled":null,"iam_roles":null,"master_password":"barbut8chars","master_username":"foo","replication_source_identifier":null,"s3_import":[],"scaling_configuration":[],"skip_final_snapshot":false,"snapshot_identifier":null,"source_region":null,"storage_encrypted":null,"tags":null,"timeouts":null}},{"address":"aws_rds_cluster_instance.cluster_instances[0]","mode":"managed","type":"aws_rds_cluster_instance","name":"cluster_instances","index":0,"provider_name":"registry.terraform.io/hashicorp/aws","schema_version":0,"values":{"auto_minor_version_upgrade":true,"copy_tags_to_snapshot":false,"engine":"aurora","identifier":"aurora-cluster-demo-0","instance_class":"db.r4.large","monitoring_interval":0,"promotion_tier":0,"publicly_accessible":false,"tags":null,"timeouts":null}},{"address":"aws_rds_cluster_instance.cluster_instances[1]","mode":"managed","type":"aws_rds_cluster_instance","name":"cluster_instances","index":1,"provider_name":"registry.terraform.io/hashicorp/aws","schema_version":0,"values":{"auto_minor_version_upgrade":true,"copy_tags_to_snapshot":false,"engine":"aurora","identifier":"aurora-cluster-demo-1","instance_class":"db.r4.large","monitoring_interval":0,"promotion_tier":0,"publicly_accessible":false,"tags":null,"timeouts":null}}]}},"resource_changes":[{"address":"aws_rds_cluster.default","mode":"managed","type":"aws_rds_cluster","name":"default","provider_name":"registry.terraform.io/hashicorp/aws","change":{"actions":["create"],"before":null,"after":{"allow_major_version_upgrade":null,"availability_zones":["us-west-2a","us-west-2b","us-west-2c"],"backtrack_window":null,"backup_retention_period":1,"cluster_identifier":"aurora-cluster-demo","copy_tags_to_snapshot":false,"database_name":"mydb","deletion_protection":null,"enable_http_endpoint":false,"enabled_cloudwatch_logs_exports":null,"engine":"aurora","engine_mode":"provisioned","final_snapshot_identifier":null,"global_cluster_identifier":null,"iam_database_authentication_enabled":null,"iam_roles":null,"master_password":"barbut8chars","master_username":"foo","replication_source_identifier":null,"s3_import":[],"scaling_configuration":[],"skip_final_snapshot":false,"snapshot_identifier":null,"source_region":null,"storage_encrypted":null,"tags":null,"timeouts":null},"after_unknown":{"apply_immediately":true,"arn":true,"availability_zones":[false,false,false],"cluster_identifier_prefix":true,"cluster_members":true,"cluster_resource_id":true,"db_cluster_parameter_group_name":true,"db_subnet_group_name":true,"endpoint":true,"engine_version":true,"hosted_zone_id":true,"id":true,"kms_key_id":true,"port":true,"preferred_backup_window":true,"preferred_maintenance_window":true,"reader_endpoint":true,"s3_import":[],"scaling_configuration":[],"vpc_security_group_ids":true}}},{"address":"aws_rds_cluster_instance.cluster_instances[0]","mode":"managed","type":"aws_rds_cluster_instance","name":"cluster_instances","index":0,"provider_name":"registry.terraform.io/hashicorp/aws","change":{"actions":["create"],"before":null,"after":{"auto_minor_version_upgrade":true,"copy_tags_to_snapshot":false,"engine":"aurora","identifier":"aurora-cluster-demo-0","instance_class":"db.r4.large","monitoring_interval":0,"promotion_tier":0,"publicly_accessible":false,"tags":null,"timeouts":null},"after_unknown":{"apply_immediately":true,"arn":true,"availability_zone":true,"ca_cert_identifier":true,"cluster_identifier":true,"db_parameter_group_name":true,"db_subnet_group_name":true,"dbi_resource_id":true,"endpoint":true,"engine_version":true,"id":true,"identifier_prefix":true,"kms_key_id":true,"monitoring_role_arn":true,"performance_insights_enabled":true,"performance_insights_kms_key_id":true,"port":true,"preferred_backup_window":true,"preferred_maintenance_window":true,"storage_encrypted":true,"writer":true}}},{"address":"aws_rds_cluster_instance.cluster_instances[1]","mode":"managed","type":"aws_rds_cluster_instance","name":"cluster_instances","index":1,"provider_name":"registry.terraform.io/hashicorp/aws","change":{"actions":["create"],"before":null,"after":{"auto_minor_version_upgrade":true,"copy_tags_to_snapshot":false,"engine":"aurora","identifier":"aurora-cluster-demo-1","instance_class":"db.r4.large","monitoring_interval":0,"promotion_tier":0,"publicly_accessible":false,"tags":null,"timeouts":null},"after_unknown":{"apply_immediately":true,"arn":true,"availability_zone":true,"ca_cert_identifier":true,"cluster_identifier":true,"db_parameter_group_name":true,"db_subnet_group_name":true,"dbi_resource_id":true,"endpoint":true,"engine_version":true,"id":true,"identifier_prefix":true,"kms_key_id":true,"monitoring_role_arn":true,"performance_insights_enabled":true,"performance_insights_kms_key_id":true,"port":true,"preferred_backup_window":true,"preferred_maintenance_window":true,"storage_encrypted":true,"writer":true}}}],"configuration":{"root_module":{"resources":[{"address":"aws_rds_cluster.default","mode":"managed","type":"aws_rds_cluster","name":"default","provider_config_key":"aws","expressions":{"availability_zones":{"constant_value":["us-west-2a","us-west-2b","us-west-2c"]},"cluster_identifier":{"constant_value":"aurora-cluster-demo"},"database_name":{"constant_value":"mydb"},"master_password":{"constant_value":"barbut8chars"},"master_username":{"constant_value":"foo"}},"schema_version":0},{"address":"aws_rds_cluster_instance.cluster_instances","mode":"managed","type":"aws_rds_cluster_instance","name":"cluster_instances","provider_config_key":"aws","expressions":{"cluster_identifier":{"references":["aws_rds_cluster.default"]},"engine":{"references":["aws_rds_cluster.default"]},"engine_version":{"references":["aws_rds_cluster.default"]},"identifier":{"references":["count.index"]},"instance_class":{"constant_value":"db.r4.large"}},"schema_version":0,"count_expression":{"constant_value":2}}]}}}
