{"format_version":"0.1","terraform_version":"0.12.25","planned_values":{"root_module":{"resources":[{"address":"aws_sqs_queue.terraform_queue","mode":"managed","type":"aws_sqs_queue","name":"terraform_queue","provider_name":"aws","schema_version":0,"values":{"content_based_deduplication":false,"delay_seconds":90,"fifo_queue":false,"kms_master_key_id":null,"max_message_size":2048,"message_retention_seconds":86400,"name":"terraform-example-queue","name_prefix":null,"receive_wait_time_seconds":10,"redrive_policy":null,"tags":{"Environment":"production"},"visibility_timeout_seconds":30}}]}},"resource_changes":[{"address":"aws_sqs_queue.terraform_queue","mode":"managed","type":"aws_sqs_queue","name":"terraform_queue","provider_name":"aws","change":{"actions":["create"],"before":null,"after":{"content_based_deduplication":false,"delay_seconds":90,"fifo_queue":false,"kms_master_key_id":null,"max_message_size":2048,"message_retention_seconds":86400,"name":"terraform-example-queue","name_prefix":null,"receive_wait_time_seconds":10,"redrive_policy":null,"tags":{"Environment":"production"},"visibility_timeout_seconds":30},"after_unknown":{"arn":true,"id":true,"kms_data_key_reuse_period_seconds":true,"policy":true,"tags":{}}}}],"configuration":{"root_module":{"resources":[{"address":"aws_sqs_queue.terraform_queue","mode":"managed","type":"aws_sqs_queue","name":"terraform_queue","provider_config_key":"aws","expressions":{"delay_seconds":{"constant_value":90},"max_message_size":{"constant_value":2048},"message_retention_seconds":{"constant_value":86400},"name":{"constant_value":"terraform-example-queue"},"receive_wait_time_seconds":{"constant_value":10},"tags":{"constant_value":{"Environment":"production"}}},"schema_version":0}]}}}
