{"format_version":"0.1","terraform_version":"0.13.0","planned_values":{"root_module":{"resources":[{"address":"aws_db_instance.default","mode":"managed","type":"aws_db_instance","name":"default","provider_name":"registry.terraform.io/hashicorp/aws","schema_version":1,"values":{"allocated_storage":20,"allow_major_version_upgrade":null,"auto_minor_version_upgrade":true,"copy_tags_to_snapshot":false,"delete_automated_backups":true,"deletion_protection":null,"domain":null,"domain_iam_role_name":null,"enabled_cloudwatch_logs_exports":null,"engine":"mysql","engine_version":"5.7","final_snapshot_identifier":null,"iam_database_authentication_enabled":null,"instance_class":"db.t2.micro","iops":null,"max_allocated_storage":null,"monitoring_interval":0,"name":"mydb","parameter_group_name":"default.mysql5.7","password":"foobarbaz","performance_insights_enabled":false,"publicly_accessible":false,"replicate_source_db":null,"s3_import":[],"security_group_names":null,"skip_final_snapshot":false,"snapshot_identifier":null,"storage_encrypted":true,"storage_type":"gp2","tags":null,"timeouts":null,"username":"foo"}},{"address":"aws_db_instance.default_cross_region_read_replica","mode":"managed","type":"aws_db_instance","name":"default_cross_region_read_replica","provider_name":"registry.terraform.io/hashicorp/aws","schema_version":1,"values":{"allocated_storage":20,"allow_major_version_upgrade":null,"auto_minor_version_upgrade":true,"copy_tags_to_snapshot":false,"delete_automated_backups":true,"deletion_protection":null,"domain":null,"domain_iam_role_name":null,"enabled_cloudwatch_logs_exports":null,"engine":"mysql","engine_version":"5.7","final_snapshot_identifier":null,"iam_database_authentication_enabled":null,"instance_class":"db.t2.micro","iops":null,"max_allocated_storage":null,"monitoring_interval":0,"name":"mydb","parameter_group_name":"default.mysql5.7","password":"foobarbaz","performance_insights_enabled":false,"publicly_accessible":false,"replicate_source_db":"123","s3_import":[],"security_group_names":null,"skip_final_snapshot":false,"snapshot_identifier":null,"storage_encrypted":null,"storage_type":"gp2","tags":null,"timeouts":null,"username":"foo"}}]}},"resource_changes":[{"address":"aws_db_instance.default","mode":"managed","type":"aws_db_instance","name":"default","provider_name":"registry.terraform.io/hashicorp/aws","change":{"actions":["create"],"before":null,"after":{"allocated_storage":20,"allow_major_version_upgrade":null,"auto_minor_version_upgrade":true,"copy_tags_to_snapshot":false,"delete_automated_backups":true,"deletion_protection":null,"domain":null,"domain_iam_role_name":null,"enabled_cloudwatch_logs_exports":null,"engine":"mysql","engine_version":"5.7","final_snapshot_identifier":null,"iam_database_authentication_enabled":null,"instance_class":"db.t2.micro","iops":null,"max_allocated_storage":null,"monitoring_interval":0,"name":"mydb","parameter_group_name":"default.mysql5.7","password":"foobarbaz","performance_insights_enabled":false,"publicly_accessible":false,"replicate_source_db":null,"s3_import":[],"security_group_names":null,"skip_final_snapshot":false,"snapshot_identifier":null,"storage_encrypted":true,"storage_type":"gp2","tags":null,"timeouts":null,"username":"foo"},"after_unknown":{"address":true,"apply_immediately":true,"arn":true,"availability_zone":true,"backup_retention_period":true,"backup_window":true,"ca_cert_identifier":true,"character_set_name":true,"db_subnet_group_name":true,"endpoint":true,"hosted_zone_id":true,"id":true,"identifier":true,"identifier_prefix":true,"kms_key_id":true,"license_model":true,"maintenance_window":true,"monitoring_role_arn":true,"multi_az":true,"option_group_name":true,"performance_insights_kms_key_id":true,"performance_insights_retention_period":true,"port":true,"replicas":true,"resource_id":true,"s3_import":[],"status":true,"timezone":true,"vpc_security_group_ids":true}}},{"address":"aws_db_instance.default_cross_region_read_replica","mode":"managed","type":"aws_db_instance","name":"default_cross_region_read_replica","provider_name":"registry.terraform.io/hashicorp/aws","change":{"actions":["create"],"before":null,"after":{"allocated_storage":20,"allow_major_version_upgrade":null,"auto_minor_version_upgrade":true,"copy_tags_to_snapshot":false,"delete_automated_backups":true,"deletion_protection":null,"domain":null,"domain_iam_role_name":null,"enabled_cloudwatch_logs_exports":null,"engine":"mysql","engine_version":"5.7","final_snapshot_identifier":null,"iam_database_authentication_enabled":null,"instance_class":"db.t2.micro","iops":null,"max_allocated_storage":null,"monitoring_interval":0,"name":"mydb","parameter_group_name":"default.mysql5.7","password":"foobarbaz","performance_insights_enabled":false,"publicly_accessible":false,"replicate_source_db":"123","s3_import":[],"security_group_names":null,"skip_final_snapshot":false,"snapshot_identifier":null,"storage_encrypted":null,"storage_type":"gp2","tags":null,"timeouts":null,"username":"foo"},"after_unknown":{"address":true,"apply_immediately":true,"arn":true,"availability_zone":true,"backup_retention_period":true,"backup_window":true,"ca_cert_identifier":true,"character_set_name":true,"db_subnet_group_name":true,"endpoint":true,"hosted_zone_id":true,"id":true,"identifier":true,"identifier_prefix":true,"kms_key_id":true,"license_model":true,"maintenance_window":true,"monitoring_role_arn":true,"multi_az":true,"option_group_name":true,"performance_insights_kms_key_id":true,"performance_insights_retention_period":true,"port":true,"replicas":true,"resource_id":true,"s3_import":[],"status":true,"timezone":true,"vpc_security_group_ids":true}}}],"configuration":{"root_module":{"resources":[{"address":"aws_db_instance.default","mode":"managed","type":"aws_db_instance","name":"default","provider_config_key":"aws","expressions":{"allocated_storage":{"constant_value":20},"engine":{"constant_value":"mysql"},"engine_version":{"constant_value":"5.7"},"instance_class":{"constant_value":"db.t2.micro"},"name":{"constant_value":"mydb"},"parameter_group_name":{"constant_value":"default.mysql5.7"},"password":{"constant_value":"foobarbaz"},"storage_encrypted":{"constant_value":true},"storage_type":{"constant_value":"gp2"},"username":{"constant_value":"foo"}},"schema_version":1},{"address":"aws_db_instance.default_cross_region_read_replica","mode":"managed","type":"aws_db_instance","name":"default_cross_region_read_replica","provider_config_key":"aws","expressions":{"allocated_storage":{"constant_value":20},"engine":{"constant_value":"mysql"},"engine_version":{"constant_value":"5.7"},"instance_class":{"constant_value":"db.t2.micro"},"name":{"constant_value":"mydb"},"parameter_group_name":{"constant_value":"default.mysql5.7"},"password":{"constant_value":"foobarbaz"},"replicate_source_db":{"constant_value":123},"storage_type":{"constant_value":"gp2"},"username":{"constant_value":"foo"}},"schema_version":1}]}}}
