{"format_version":"0.1","terraform_version":"0.12.25","planned_values":{"root_module":{"resources":[{"address":"aws_lb.front_end","mode":"managed","type":"aws_lb","name":"front_end","provider_name":"aws","schema_version":0,"values":{"access_logs":[],"drop_invalid_header_fields":false,"enable_cross_zone_load_balancing":null,"enable_deletion_protection":false,"enable_http2":true,"idle_timeout":60,"load_balancer_type":"application","name_prefix":null,"tags":null,"timeouts":null}},{"address":"aws_lb_listener.front_end","mode":"managed","type":"aws_lb_listener","name":"front_end","provider_name":"aws","schema_version":0,"values":{"certificate_arn":"arn:aws:iam::187416307283:server-certificate/test_cert_rab3wuqwgja25ct3n4jdj2tzu4","default_action":[{"authenticate_cognito":[],"authenticate_oidc":[],"fixed_response":[],"forward":[],"redirect":[],"target_group_arn":"$aws_lb_target_group.front_end.arn","type":"forward"}],"load_balancer_arn":"$aws_lb.front_end.arn","port":443,"protocol":"HTTP","ssl_policy":"ELBSecurityPolicy-2016-08","timeouts":null}},{"address":"aws_lb_target_group.front_end","mode":"managed","type":"aws_lb_target_group","name":"front_end","provider_name":"aws","schema_version":0,"values":{"deregistration_delay":300,"lambda_multi_value_headers_enabled":false,"name_prefix":null,"port":null,"protocol":null,"proxy_protocol_v2":false,"slow_start":0,"tags":null,"target_type":"instance","vpc_id":null}}]}},"resource_changes":[{"address":"aws_lb.front_end","mode":"managed","type":"aws_lb","name":"front_end","provider_name":"aws","change":{"actions":["create"],"before":null,"after":{"access_logs":[],"drop_invalid_header_fields":false,"enable_cross_zone_load_balancing":null,"enable_deletion_protection":false,"enable_http2":true,"idle_timeout":60,"load_balancer_type":"application","name_prefix":null,"tags":null,"timeouts":null},"after_unknown":{"access_logs":[],"arn":true,"arn_suffix":true,"dns_name":true,"id":true,"internal":true,"ip_address_type":true,"name":true,"security_groups":true,"subnet_mapping":true,"subnets":true,"vpc_id":true,"zone_id":true}}},{"address":"aws_lb_listener.front_end","mode":"managed","type":"aws_lb_listener","name":"front_end","provider_name":"aws","change":{"actions":["create"],"before":null,"after":{"certificate_arn":"arn:aws:iam::187416307283:server-certificate/test_cert_rab3wuqwgja25ct3n4jdj2tzu4","default_action":[{"authenticate_cognito":[],"authenticate_oidc":[],"fixed_response":[],"forward":[],"redirect":[],"target_group_arn":"$aws_lb_target_group.front_end.arn","type":"forward"}],"load_balancer_arn":"$aws_lb.front_end.arn","port":443,"protocol":"HTTP","ssl_policy":"ELBSecurityPolicy-2016-08","timeouts":null},"after_unknown":{"arn":true,"default_action":[{"authenticate_cognito":[],"authenticate_oidc":[],"fixed_response":[],"forward":[],"order":true,"redirect":[]}],"id":true}}},{"address":"aws_lb_target_group.front_end","mode":"managed","type":"aws_lb_target_group","name":"front_end","provider_name":"aws","change":{"actions":["create"],"before":null,"after":{"deregistration_delay":300,"lambda_multi_value_headers_enabled":false,"name_prefix":null,"port":null,"protocol":null,"proxy_protocol_v2":false,"slow_start":0,"tags":null,"target_type":"instance","vpc_id":null},"after_unknown":{"arn":true,"arn_suffix":true,"health_check":true,"id":true,"load_balancing_algorithm_type":true,"name":true,"stickiness":true}}}],"configuration":{"root_module":{"resources":[{"address":"aws_lb.front_end","mode":"managed","type":"aws_lb","name":"front_end","provider_config_key":"aws","schema_version":0},{"address":"aws_lb_listener.front_end","mode":"managed","type":"aws_lb_listener","name":"front_end","provider_config_key":"aws","expressions":{"certificate_arn":{"constant_value":"arn:aws:iam::187416307283:server-certificate/test_cert_rab3wuqwgja25ct3n4jdj2tzu4"},"default_action":[{"target_group_arn":{"constant_value":"$aws_lb_target_group.front_end.arn"},"type":{"constant_value":"forward"}}],"load_balancer_arn":{"constant_value":"$aws_lb.front_end.arn"},"port":{"constant_value":"443"},"protocol":{"constant_value":"HTTP"},"ssl_policy":{"constant_value":"ELBSecurityPolicy-2016-08"}},"schema_version":0},{"address":"aws_lb_target_group.front_end","mode":"managed","type":"aws_lb_target_group","name":"front_end","provider_config_key":"aws","schema_version":0}]}}}
